# This file was autogenerated by uv via the following command:
#    uv pip compile --index-url https://pypi.org/simple --index-strategy unsafe-best-match --no-strip-markers --emit-index-url --emit-find-links --unsafe-package setuptools --unsafe-package ray --python-version=3.12 --python-platform=linux -c release/ray_release/byod/ray_base_extra_testdeps_py3.12.lock docker/base-deps/requirements.in docker/base-extra/requirements.in -o python/deplocks/base_extra/ray_base_extra_py3.12.lock
--index-url https://pypi.org/simple

adlfs==2023.8.0
    # via
    #   -c release/ray_release/byod/ray_base_extra_testdeps_py3.12.lock
    #   -r docker/base-deps/requirements.in
aiofiles==22.1.0
    # via
    #   -c release/ray_release/byod/ray_base_extra_testdeps_py3.12.lock
    #   ypy-websocket
aiohappyeyeballs==2.6.1
    # via
    #   -c release/ray_release/byod/ray_base_extra_testdeps_py3.12.lock
    #   aiohttp
aiohttp==3.11.16
    # via
    #   -c release/ray_release/byod/ray_base_extra_testdeps_py3.12.lock
    #   adlfs
    #   anyscale
aiosignal==1.3.1
    # via
    #   -c release/ray_release/byod/ray_base_extra_testdeps_py3.12.lock
    #   aiohttp
aiosqlite==0.19.0
    # via
    #   -c release/ray_release/byod/ray_base_extra_testdeps_py3.12.lock
    #   ypy-websocket
anyio==3.7.1
    # via
    #   -c release/ray_release/byod/ray_base_extra_testdeps_py3.12.lock
    #   jupyter-server
anyscale==0.26.67
    # via
    #   -c release/ray_release/byod/ray_base_extra_testdeps_py3.12.lock
    #   -r docker/base-extra/requirements.in
argon2-cffi==23.1.0
    # via
    #   -c release/ray_release/byod/ray_base_extra_testdeps_py3.12.lock
    #   jupyter-server
    #   nbclassic
    #   notebook
argon2-cffi-bindings==21.2.0
    # via
    #   -c release/ray_release/byod/ray_base_extra_testdeps_py3.12.lock
    #   argon2-cffi
arrow==1.3.0
    # via
    #   -c release/ray_release/byod/ray_base_extra_testdeps_py3.12.lock
    #   isoduration
asttokens==2.4.1
    # via
    #   -c release/ray_release/byod/ray_base_extra_testdeps_py3.12.lock
    #   stack-data
attrs==25.1.0
    # via
    #   -c release/ray_release/byod/ray_base_extra_testdeps_py3.12.lock
    #   aiohttp
    #   jsonschema
    #   referencing
azure-common==1.1.28
    # via
    #   -c release/ray_release/byod/ray_base_extra_testdeps_py3.12.lock
    #   smart-open
azure-core==1.29.5
    # via
    #   -c release/ray_release/byod/ray_base_extra_testdeps_py3.12.lock
    #   adlfs
    #   azure-identity
    #   azure-storage-blob
    #   smart-open
azure-datalake-store==0.0.53
    # via
    #   -c release/ray_release/byod/ray_base_extra_testdeps_py3.12.lock
    #   adlfs
azure-identity==1.17.1
    # via
    #   -c release/ray_release/byod/ray_base_extra_testdeps_py3.12.lock
    #   -r docker/base-extra/requirements.in
    #   adlfs
azure-storage-blob==12.22.0
    # via
    #   -c release/ray_release/byod/ray_base_extra_testdeps_py3.12.lock
    #   adlfs
    #   smart-open
babel==2.13.1
    # via
    #   -c release/ray_release/byod/ray_base_extra_testdeps_py3.12.lock
    #   jupyterlab-server
backcall==0.2.0
    # via
    #   -c release/ray_release/byod/ray_base_extra_testdeps_py3.12.lock
    #   ipython
beautifulsoup4==4.11.1
    # via
    #   -c release/ray_release/byod/ray_base_extra_testdeps_py3.12.lock
    #   nbconvert
bleach==6.1.0
    # via
    #   -c release/ray_release/byod/ray_base_extra_testdeps_py3.12.lock
    #   nbconvert
boto3==1.29.7
    # via
    #   -c release/ray_release/byod/ray_base_extra_testdeps_py3.12.lock
    #   -r docker/base-deps/requirements.in
    #   anyscale
    #   smart-open
botocore==1.32.7
    # via
    #   -c release/ray_release/byod/ray_base_extra_testdeps_py3.12.lock
    #   anyscale
    #   boto3
    #   s3transfer
cachetools==5.5.2
    # via
    #   -c release/ray_release/byod/ray_base_extra_testdeps_py3.12.lock
    #   google-auth
certifi==2025.1.31
    # via
    #   -c release/ray_release/byod/ray_base_extra_testdeps_py3.12.lock
    #   anyscale
    #   requests
cffi==1.16.0
    # via
    #   -c release/ray_release/byod/ray_base_extra_testdeps_py3.12.lock
    #   argon2-cffi-bindings
    #   azure-datalake-store
    #   cryptography
charset-normalizer==3.3.2
    # via
    #   -c release/ray_release/byod/ray_base_extra_testdeps_py3.12.lock
    #   requests
click==8.1.7
    # via
    #   -c release/ray_release/byod/ray_base_extra_testdeps_py3.12.lock
    #   anyscale
colorama==0.4.6
    # via
    #   -c release/ray_release/byod/ray_base_extra_testdeps_py3.12.lock
    #   anyscale
    #   log-symbols
comm==0.2.0
    # via
    #   -c release/ray_release/byod/ray_base_extra_testdeps_py3.12.lock
    #   ipykernel
    #   ipywidgets
cryptography==43.0.3
    # via
    #   -c release/ray_release/byod/ray_base_extra_testdeps_py3.12.lock
    #   -r docker/base-deps/requirements.in
    #   azure-identity
    #   azure-storage-blob
    #   msal
    #   pyjwt
    #   pyopenssl
cython==0.29.37
    # via
    #   -c release/ray_release/byod/ray_base_extra_testdeps_py3.12.lock
    #   -r docker/base-deps/requirements.in
debugpy==1.8.0
    # via
    #   -c release/ray_release/byod/ray_base_extra_testdeps_py3.12.lock
    #   ipykernel
decorator==5.1.1
    # via
    #   -c release/ray_release/byod/ray_base_extra_testdeps_py3.12.lock
    #   ipython
defusedxml==0.7.1
    # via
    #   -c release/ray_release/byod/ray_base_extra_testdeps_py3.12.lock
    #   nbconvert
entrypoints==0.4
    # via
    #   -c release/ray_release/byod/ray_base_extra_testdeps_py3.12.lock
    #   jupyter-client
    #   nbconvert
executing==2.0.1
    # via
    #   -c release/ray_release/byod/ray_base_extra_testdeps_py3.12.lock
    #   stack-data
fastjsonschema==2.19.0
    # via
    #   -c release/ray_release/byod/ray_base_extra_testdeps_py3.12.lock
    #   nbformat
flatbuffers==25.9.23
    # via
    #   -c release/ray_release/byod/ray_base_extra_testdeps_py3.12.lock
    #   -r docker/base-deps/requirements.in
fqdn==1.5.1
    # via
    #   -c release/ray_release/byod/ray_base_extra_testdeps_py3.12.lock
    #   jsonschema
frozenlist==1.4.1
    # via
    #   -c release/ray_release/byod/ray_base_extra_testdeps_py3.12.lock
    #   aiohttp
    #   aiosignal
fsspec==2023.12.1
    # via
    #   -c release/ray_release/byod/ray_base_extra_testdeps_py3.12.lock
    #   adlfs
gitdb==4.0.11
    # via
    #   -c release/ray_release/byod/ray_base_extra_testdeps_py3.12.lock
    #   gitpython
gitpython==3.1.44
    # via
    #   -c release/ray_release/byod/ray_base_extra_testdeps_py3.12.lock
    #   anyscale
google-api-core==2.24.2
    # via
    #   -c release/ray_release/byod/ray_base_extra_testdeps_py3.12.lock
    #   google-api-python-client
    #   google-cloud-certificate-manager
    #   google-cloud-common
    #   google-cloud-compute
    #   google-cloud-core
    #   google-cloud-filestore
    #   google-cloud-redis
    #   google-cloud-resource-manager
    #   google-cloud-secret-manager
    #   google-cloud-storage
google-api-python-client==2.111.0
    # via
    #   -c release/ray_release/byod/ray_base_extra_testdeps_py3.12.lock
    #   -r docker/base-deps/requirements.in
    #   anyscale
google-auth==2.39.0
    # via
    #   -c release/ray_release/byod/ray_base_extra_testdeps_py3.12.lock
    #   anyscale
    #   google-api-core
    #   google-api-python-client
    #   google-auth-httplib2
    #   google-cloud-certificate-manager
    #   google-cloud-common
    #   google-cloud-compute
    #   google-cloud-core
    #   google-cloud-filestore
    #   google-cloud-redis
    #   google-cloud-resource-manager
    #   google-cloud-secret-manager
    #   google-cloud-storage
google-auth-httplib2==0.2.1
    # via
    #   -c release/ray_release/byod/ray_base_extra_testdeps_py3.12.lock
    #   google-api-python-client
google-cloud-certificate-manager==1.10.2
    # via
    #   -c release/ray_release/byod/ray_base_extra_testdeps_py3.12.lock
    #   anyscale
google-cloud-common==1.5.2
    # via
    #   -c release/ray_release/byod/ray_base_extra_testdeps_py3.12.lock
    #   google-cloud-filestore
google-cloud-compute==1.37.0
    # via
    #   -c release/ray_release/byod/ray_base_extra_testdeps_py3.12.lock
    #   anyscale
google-cloud-core==2.4.1
    # via
    #   -c release/ray_release/byod/ray_base_extra_testdeps_py3.12.lock
    #   google-cloud-storage
google-cloud-filestore==1.13.2
    # via
    #   -c release/ray_release/byod/ray_base_extra_testdeps_py3.12.lock
    #   anyscale
google-cloud-redis==2.18.1
    # via
    #   -c release/ray_release/byod/ray_base_extra_testdeps_py3.12.lock
    #   anyscale
google-cloud-resource-manager==1.14.2
    # via
    #   -c release/ray_release/byod/ray_base_extra_testdeps_py3.12.lock
    #   anyscale
google-cloud-secret-manager==2.24.0
    # via
    #   -c release/ray_release/byod/ray_base_extra_testdeps_py3.12.lock
    #   anyscale
google-cloud-storage==2.14.0
    # via
    #   -c release/ray_release/byod/ray_base_extra_testdeps_py3.12.lock
    #   anyscale
    #   smart-open
google-crc32c==1.5.0
    # via
    #   -c release/ray_release/byod/ray_base_extra_testdeps_py3.12.lock
    #   google-cloud-storage
    #   google-resumable-media
google-oauth==1.0.1
    # via
    #   -c release/ray_release/byod/ray_base_extra_testdeps_py3.12.lock
    #   -r docker/base-deps/requirements.in
google-resumable-media==2.6.0
    # via
    #   -c release/ray_release/byod/ray_base_extra_testdeps_py3.12.lock
    #   google-cloud-storage
googleapis-common-protos==1.72.0
    # via
    #   -c release/ray_release/byod/ray_base_extra_testdeps_py3.12.lock
    #   google-api-core
    #   grpc-google-iam-v1
    #   grpcio-status
grpc-google-iam-v1==0.14.2
    # via
    #   -c release/ray_release/byod/ray_base_extra_testdeps_py3.12.lock
    #   google-cloud-resource-manager
    #   google-cloud-secret-manager
grpcio==1.74.0
    # via
    #   -c release/ray_release/byod/ray_base_extra_testdeps_py3.12.lock
    #   -r docker/base-extra/requirements.in
    #   google-api-core
    #   googleapis-common-protos
    #   grpc-google-iam-v1
    #   grpcio-status
    #   grpcio-tools
grpcio-status==1.62.3
    # via
    #   -c release/ray_release/byod/ray_base_extra_testdeps_py3.12.lock
    #   google-api-core
grpcio-tools==1.74.0
    # via
    #   -c release/ray_release/byod/ray_base_extra_testdeps_py3.12.lock
    #   -r docker/base-extra/requirements.in
httplib2==0.20.4
    # via
    #   -c release/ray_release/byod/ray_base_extra_testdeps_py3.12.lock
    #   google-api-python-client
    #   google-auth-httplib2
    #   oauth2client
humanize==4.12.1
    # via
    #   -c release/ray_release/byod/ray_base_extra_testdeps_py3.12.lock
    #   anyscale
idna==3.7
    # via
    #   -c release/ray_release/byod/ray_base_extra_testdeps_py3.12.lock
    #   anyio
    #   jsonschema
    #   requests
    #   yarl
ipykernel==6.27.1
    # via
    #   -c release/ray_release/byod/ray_base_extra_testdeps_py3.12.lock
    #   nbclassic
    #   notebook
ipython==8.12.3
    # via
    #   -c release/ray_release/byod/ray_base_extra_testdeps_py3.12.lock
    #   ipykernel
    #   ipywidgets
    #   jupyterlab
ipython-genutils==0.2.0
    # via
    #   -c release/ray_release/byod/ray_base_extra_testdeps_py3.12.lock
    #   nbclassic
    #   notebook
ipywidgets==8.1.3
    # via
    #   -c release/ray_release/byod/ray_base_extra_testdeps_py3.12.lock
    #   -r docker/base-extra/requirements.in
isodate==0.6.1
    # via
    #   -c release/ray_release/byod/ray_base_extra_testdeps_py3.12.lock
    #   azure-storage-blob
isoduration==20.11.0
    # via
    #   -c release/ray_release/byod/ray_base_extra_testdeps_py3.12.lock
    #   jsonschema
jedi==0.19.1
    # via
    #   -c release/ray_release/byod/ray_base_extra_testdeps_py3.12.lock
    #   ipython
jinja2==3.1.6
    # via
    #   -c release/ray_release/byod/ray_base_extra_testdeps_py3.12.lock
    #   jupyter-server
    #   jupyterlab
    #   jupyterlab-server
    #   nbclassic
    #   nbconvert
    #   notebook
jmespath==1.0.1
    # via
    #   -c release/ray_release/byod/ray_base_extra_testdeps_py3.12.lock
    #   boto3
    #   botocore
json5==0.9.14
    # via
    #   -c release/ray_release/byod/ray_base_extra_testdeps_py3.12.lock
    #   jupyterlab-server
jsonpatch==1.32
    # via
    #   -c release/ray_release/byod/ray_base_extra_testdeps_py3.12.lock
    #   anyscale
jsonpointer==2.4
    # via
    #   -c release/ray_release/byod/ray_base_extra_testdeps_py3.12.lock
    #   jsonpatch
    #   jsonschema
jsonschema==4.23.0
    # via
    #   -c release/ray_release/byod/ray_base_extra_testdeps_py3.12.lock
    #   anyscale
    #   jupyter-events
    #   jupyterlab-server
    #   nbformat
jsonschema-specifications==2024.10.1
    # via
    #   -c release/ray_release/byod/ray_base_extra_testdeps_py3.12.lock
    #   jsonschema
jupyter-client==7.3.4
    # via
    #   -c release/ray_release/byod/ray_base_extra_testdeps_py3.12.lock
    #   ipykernel
    #   jupyter-server
    #   nbclassic
    #   nbclient
    #   notebook
jupyter-core==5.5.0
    # via
    #   -c release/ray_release/byod/ray_base_extra_testdeps_py3.12.lock
    #   ipykernel
    #   jupyter-client
    #   jupyter-server
    #   jupyterlab
    #   nbclassic
    #   nbconvert
    #   nbformat
    #   notebook
jupyter-events==0.6.3
    # via
    #   -c release/ray_release/byod/ray_base_extra_testdeps_py3.12.lock
    #   jupyter-server-fileid
jupyter-server==1.24.0
    # via
    #   -c release/ray_release/byod/ray_base_extra_testdeps_py3.12.lock
    #   jupyter-server-fileid
    #   jupyterlab
    #   jupyterlab-server
    #   nbclassic
    #   notebook-shim
jupyter-server-fileid==0.9.0
    # via
    #   -c release/ray_release/byod/ray_base_extra_testdeps_py3.12.lock
    #   jupyter-server-ydoc
jupyter-server-terminals==0.4.4
    # via
    #   -c release/ray_release/byod/ray_base_extra_testdeps_py3.12.lock
    #   -r docker/base-extra/requirements.in
jupyter-server-ydoc==0.6.1
    # via
    #   -c release/ray_release/byod/ray_base_extra_testdeps_py3.12.lock
    #   jupyterlab
jupyter-ydoc==0.2.5
    # via
    #   -c release/ray_release/byod/ray_base_extra_testdeps_py3.12.lock
    #   jupyter-server-ydoc
    #   jupyterlab
jupyterlab==3.6.1
    # via
    #   -c release/ray_release/byod/ray_base_extra_testdeps_py3.12.lock
    #   -r docker/base-extra/requirements.in
jupyterlab-pygments==0.3.0
    # via
    #   -c release/ray_release/byod/ray_base_extra_testdeps_py3.12.lock
    #   nbconvert
jupyterlab-server==2.24.0
    # via
    #   -c release/ray_release/byod/ray_base_extra_testdeps_py3.12.lock
    #   jupyterlab
jupyterlab-widgets==3.0.11
    # via
    #   -c release/ray_release/byod/ray_base_extra_testdeps_py3.12.lock
    #   ipywidgets
log-symbols==0.0.14
    # via
    #   -c release/ray_release/byod/ray_base_extra_testdeps_py3.12.lock
    #   anyscale
lxml==6.0.2
    # via
    #   -c release/ray_release/byod/ray_base_extra_testdeps_py3.12.lock
    #   nbconvert
markdown-it-py==2.2.0
    # via
    #   -c release/ray_release/byod/ray_base_extra_testdeps_py3.12.lock
    #   rich
markupsafe==2.1.3
    # via
    #   -c release/ray_release/byod/ray_base_extra_testdeps_py3.12.lock
    #   jinja2
    #   nbconvert
matplotlib-inline==0.1.6
    # via
    #   -c release/ray_release/byod/ray_base_extra_testdeps_py3.12.lock
    #   ipykernel
    #   ipython
mdurl==0.1.2
    # via
    #   -c release/ray_release/byod/ray_base_extra_testdeps_py3.12.lock
    #   markdown-it-py
mistune==0.8.4
    # via
    #   -c release/ray_release/byod/ray_base_extra_testdeps_py3.12.lock
    #   nbconvert
msal==1.28.1
    # via
    #   -c release/ray_release/byod/ray_base_extra_testdeps_py3.12.lock
    #   azure-datalake-store
    #   azure-identity
    #   msal-extensions
msal-extensions==1.2.0b1
    # via
    #   -c release/ray_release/byod/ray_base_extra_testdeps_py3.12.lock
    #   azure-identity
multidict==6.0.5
    # via
    #   -c release/ray_release/byod/ray_base_extra_testdeps_py3.12.lock
    #   aiohttp
    #   yarl
nbclassic==1.0.0
    # via
    #   -c release/ray_release/byod/ray_base_extra_testdeps_py3.12.lock
    #   jupyterlab
    #   notebook
nbclient==0.5.13
    # via
    #   -c release/ray_release/byod/ray_base_extra_testdeps_py3.12.lock
    #   nbconvert
nbconvert==6.5.4
    # via
    #   -c release/ray_release/byod/ray_base_extra_testdeps_py3.12.lock
    #   jupyter-server
    #   nbclassic
    #   notebook
nbformat==5.9.2
    # via
    #   -c release/ray_release/byod/ray_base_extra_testdeps_py3.12.lock
    #   jupyter-server
    #   nbclassic
    #   nbclient
    #   nbconvert
    #   notebook
nest-asyncio==1.5.8
    # via
    #   -c release/ray_release/byod/ray_base_extra_testdeps_py3.12.lock
    #   ipykernel
    #   jupyter-client
    #   nbclassic
    #   nbclient
    #   notebook
notebook==6.5.7
    # via
    #   -c release/ray_release/byod/ray_base_extra_testdeps_py3.12.lock
    #   jupyterlab
notebook-shim==0.2.3
    # via
    #   -c release/ray_release/byod/ray_base_extra_testdeps_py3.12.lock
    #   nbclassic
numpy==1.26.4
    # via
    #   -c release/ray_release/byod/ray_base_extra_testdeps_py3.12.lock
    #   -r docker/base-deps/requirements.in
oauth2client==4.1.3
    # via
    #   -c release/ray_release/byod/ray_base_extra_testdeps_py3.12.lock
    #   anyscale
packaging==25.0
    # via
    #   -c release/ray_release/byod/ray_base_extra_testdeps_py3.12.lock
    #   anyscale
    #   ipykernel
    #   jupyter-server
    #   jupyterlab
    #   jupyterlab-server
    #   nbconvert
pandocfilters==1.5.0
    # via
    #   -c release/ray_release/byod/ray_base_extra_testdeps_py3.12.lock
    #   nbconvert
parso==0.8.3
    # via
    #   -c release/ray_release/byod/ray_base_extra_testdeps_py3.12.lock
    #   jedi
pathspec==0.11.2
    # via
    #   -c release/ray_release/byod/ray_base_extra_testdeps_py3.12.lock
    #   anyscale
pexpect==4.8.0 ; sys_platform != 'win32'
    # via
    #   -c release/ray_release/byod/ray_base_extra_testdeps_py3.12.lock
    #   ipython
pickleshare==0.7.5
    # via
    #   -c release/ray_release/byod/ray_base_extra_testdeps_py3.12.lock
    #   ipython
platformdirs==3.11.0
    # via
    #   -c release/ray_release/byod/ray_base_extra_testdeps_py3.12.lock
    #   jupyter-core
portalocker==2.8.2
    # via
    #   -c release/ray_release/byod/ray_base_extra_testdeps_py3.12.lock
    #   msal-extensions
prometheus-client==0.19.0
    # via
    #   -c release/ray_release/byod/ray_base_extra_testdeps_py3.12.lock
    #   jupyter-server
    #   nbclassic
    #   notebook
prompt-toolkit==3.0.41
    # via
    #   -c release/ray_release/byod/ray_base_extra_testdeps_py3.12.lock
    #   ipython
propcache==0.3.0
    # via
    #   -c release/ray_release/byod/ray_base_extra_testdeps_py3.12.lock
    #   aiohttp
    #   yarl
proto-plus==1.26.1
    # via
    #   -c release/ray_release/byod/ray_base_extra_testdeps_py3.12.lock
    #   google-api-core
    #   google-cloud-certificate-manager
    #   google-cloud-common
    #   google-cloud-compute
    #   google-cloud-filestore
    #   google-cloud-redis
    #   google-cloud-resource-manager
    #   google-cloud-secret-manager
protobuf==6.33.1
    # via
    #   -c release/ray_release/byod/ray_base_extra_testdeps_py3.12.lock
    #   google-api-core
    #   google-cloud-certificate-manager
    #   google-cloud-common
    #   google-cloud-compute
    #   google-cloud-filestore
    #   google-cloud-redis
    #   google-cloud-resource-manager
    #   google-cloud-secret-manager
    #   googleapis-common-protos
    #   grpc-google-iam-v1
    #   grpcio-status
    #   grpcio-tools
    #   proto-plus
psutil==5.9.6
    # via
    #   -c release/ray_release/byod/ray_base_extra_testdeps_py3.12.lock
    #   -r docker/base-deps/requirements.in
    #   ipykernel
ptyprocess==0.7.0 ; os_name != 'nt' or sys_platform != 'win32'
    # via
    #   -c release/ray_release/byod/ray_base_extra_testdeps_py3.12.lock
    #   pexpect
    #   terminado
pure-eval==0.2.2
    # via
    #   -c release/ray_release/byod/ray_base_extra_testdeps_py3.12.lock
    #   stack-data
pyasn1==0.5.1
    # via
    #   -c release/ray_release/byod/ray_base_extra_testdeps_py3.12.lock
    #   oauth2client
    #   pyasn1-modules
    #   rsa
pyasn1-modules==0.3.0
    # via
    #   -c release/ray_release/byod/ray_base_extra_testdeps_py3.12.lock
    #   google-auth
    #   oauth2client
pycparser==2.21
    # via
    #   -c release/ray_release/byod/ray_base_extra_testdeps_py3.12.lock
    #   cffi
pygments==2.18.0
    # via
    #   -c release/ray_release/byod/ray_base_extra_testdeps_py3.12.lock
    #   ipython
    #   nbconvert
    #   rich
pyjwt==2.8.0
    # via
    #   -c release/ray_release/byod/ray_base_extra_testdeps_py3.12.lock
    #   msal
pyopenssl==24.2.1
    # via
    #   -c release/ray_release/byod/ray_base_extra_testdeps_py3.12.lock
    #   -r docker/base-deps/requirements.in
    #   google-oauth
pyparsing==3.1.1
    # via
    #   -c release/ray_release/byod/ray_base_extra_testdeps_py3.12.lock
    #   httplib2
python-dateutil==2.8.2
    # via
    #   -c release/ray_release/byod/ray_base_extra_testdeps_py3.12.lock
    #   anyscale
    #   arrow
    #   botocore
    #   jupyter-client
python-json-logger==2.0.7
    # via
    #   -c release/ray_release/byod/ray_base_extra_testdeps_py3.12.lock
    #   jupyter-events
pyyaml==6.0.1
    # via
    #   -c release/ray_release/byod/ray_base_extra_testdeps_py3.12.lock
    #   anyscale
    #   jupyter-events
pyzmq==26.0.3
    # via
    #   -c release/ray_release/byod/ray_base_extra_testdeps_py3.12.lock
    #   ipykernel
    #   jupyter-client
    #   jupyter-server
    #   nbclassic
    #   notebook
referencing==0.36.2
    # via
    #   -c release/ray_release/byod/ray_base_extra_testdeps_py3.12.lock
    #   jsonschema
    #   jsonschema-specifications
requests==2.32.3
    # via
    #   -c release/ray_release/byod/ray_base_extra_testdeps_py3.12.lock
    #   anyscale
    #   azure-core
    #   azure-datalake-store
    #   google-api-core
    #   google-cloud-storage
    #   google-oauth
    #   jupyterlab-server
    #   msal
    #   smart-open
rfc3339-validator==0.1.4
    # via
    #   -c release/ray_release/byod/ray_base_extra_testdeps_py3.12.lock
    #   jsonschema
    #   jupyter-events
rfc3986-validator==0.1.1
    # via
    #   -c release/ray_release/byod/ray_base_extra_testdeps_py3.12.lock
    #   jsonschema
    #   jupyter-events
rich==13.3.2
    # via
    #   -c release/ray_release/byod/ray_base_extra_testdeps_py3.12.lock
    #   anyscale
rpds-py==0.22.3
    # via
    #   -c release/ray_release/byod/ray_base_extra_testdeps_py3.12.lock
    #   jsonschema
    #   referencing
rsa==4.7.2
    # via
    #   -c release/ray_release/byod/ray_base_extra_testdeps_py3.12.lock
    #   google-auth
    #   oauth2client
s3transfer==0.8.0
    # via
    #   -c release/ray_release/byod/ray_base_extra_testdeps_py3.12.lock
    #   boto3
send2trash==1.8.3
    # via
    #   -c release/ray_release/byod/ray_base_extra_testdeps_py3.12.lock
    #   jupyter-server
    #   nbclassic
    #   notebook
six==1.17.0
    # via
    #   -c release/ray_release/byod/ray_base_extra_testdeps_py3.12.lock
    #   -r docker/base-deps/requirements.in
    #   anyscale
    #   asttokens
    #   azure-core
    #   bleach
    #   google-oauth
    #   isodate
    #   oauth2client
    #   python-dateutil
    #   rfc3339-validator
smart-open==6.2.0
    # via
    #   -c release/ray_release/byod/ray_base_extra_testdeps_py3.12.lock
    #   -r docker/base-deps/requirements.in
    #   anyscale
smmap==5.0.1
    # via
    #   -c release/ray_release/byod/ray_base_extra_testdeps_py3.12.lock
    #   gitdb
sniffio==1.3.1
    # via
    #   -c release/ray_release/byod/ray_base_extra_testdeps_py3.12.lock
    #   anyio
soupsieve==2.5
    # via
    #   -c release/ray_release/byod/ray_base_extra_testdeps_py3.12.lock
    #   beautifulsoup4
spinners==0.0.24
    # via
    #   -c release/ray_release/byod/ray_base_extra_testdeps_py3.12.lock
    #   anyscale
stack-data==0.6.3
    # via
    #   -c release/ray_release/byod/ray_base_extra_testdeps_py3.12.lock
    #   ipython
tabulate==0.9.0
    # via
    #   -c release/ray_release/byod/ray_base_extra_testdeps_py3.12.lock
    #   anyscale
termcolor==2.4.0
    # via
    #   -c release/ray_release/byod/ray_base_extra_testdeps_py3.12.lock
    #   anyscale
terminado==0.18.1
    # via
    #   -c release/ray_release/byod/ray_base_extra_testdeps_py3.12.lock
    #   anyscale
    #   jupyter-server
    #   jupyter-server-terminals
    #   nbclassic
    #   notebook
tinycss2==1.3.0
    # via
    #   -c release/ray_release/byod/ray_base_extra_testdeps_py3.12.lock
    #   nbconvert
tornado==6.5.2
    # via
    #   -c release/ray_release/byod/ray_base_extra_testdeps_py3.12.lock
    #   anyscale
    #   ipykernel
    #   jupyter-client
    #   jupyter-server
    #   jupyterlab
    #   nbclassic
    #   notebook
    #   terminado
tqdm==4.67.1
    # via
    #   -c release/ray_release/byod/ray_base_extra_testdeps_py3.12.lock
    #   anyscale
traitlets==5.14.3
    # via
    #   -c release/ray_release/byod/ray_base_extra_testdeps_py3.12.lock
    #   comm
    #   ipykernel
    #   ipython
    #   ipywidgets
    #   jupyter-client
    #   jupyter-core
    #   jupyter-events
    #   jupyter-server
    #   matplotlib-inline
    #   nbclassic
    #   nbclient
    #   nbconvert
    #   nbformat
    #   notebook
types-python-dateutil==2.9.0.20240316
    # via
    #   -c release/ray_release/byod/ray_base_extra_testdeps_py3.12.lock
    #   arrow
typing-extensions==4.12.2
    # via
    #   -c release/ray_release/byod/ray_base_extra_testdeps_py3.12.lock
    #   anyscale
    #   azure-core
    #   azure-identity
    #   azure-storage-blob
    #   referencing
tzlocal==5.3
    # via
    #   -c release/ray_release/byod/ray_base_extra_testdeps_py3.12.lock
    #   anyscale
uri-template==1.3.0
    # via
    #   -c release/ray_release/byod/ray_base_extra_testdeps_py3.12.lock
    #   jsonschema
uritemplate==4.1.1
    # via
    #   -c release/ray_release/byod/ray_base_extra_testdeps_py3.12.lock
    #   google-api-python-client
urllib3==1.26.19
    # via
    #   -c release/ray_release/byod/ray_base_extra_testdeps_py3.12.lock
    #   anyscale
    #   botocore
    #   requests
wcwidth==0.2.13
    # via
    #   -c release/ray_release/byod/ray_base_extra_testdeps_py3.12.lock
    #   prompt-toolkit
webcolors==24.6.0
    # via
    #   -c release/ray_release/byod/ray_base_extra_testdeps_py3.12.lock
    #   jsonschema
webencodings==0.5.1
    # via
    #   -c release/ray_release/byod/ray_base_extra_testdeps_py3.12.lock
    #   bleach
    #   tinycss2
websocket-client==1.8.0
    # via
    #   -c release/ray_release/byod/ray_base_extra_testdeps_py3.12.lock
    #   jupyter-server
websockets==11.0.3
    # via
    #   -c release/ray_release/byod/ray_base_extra_testdeps_py3.12.lock
    #   anyscale
widgetsnbextension==4.0.11
    # via
    #   -c release/ray_release/byod/ray_base_extra_testdeps_py3.12.lock
    #   ipywidgets
wrapt==1.14.1
    # via
    #   -c release/ray_release/byod/ray_base_extra_testdeps_py3.12.lock
    #   anyscale
y-py==0.6.2
    # via
    #   -c release/ray_release/byod/ray_base_extra_testdeps_py3.12.lock
    #   jupyter-ydoc
    #   ypy-websocket
yarl==1.18.3
    # via
    #   -c release/ray_release/byod/ray_base_extra_testdeps_py3.12.lock
    #   aiohttp
ypy-websocket==0.8.4
    # via
    #   -c release/ray_release/byod/ray_base_extra_testdeps_py3.12.lock
    #   jupyter-server-ydoc

# The following packages were excluded from the output:
# setuptools
