--index-url https://pypi.org/simple
--extra-index-url https://download.pytorch.org/whl/cpu

numpy==2.2.6 \
    --hash=sha256:038613e9fb8c72b0a41f025a7e4c3f0b7a1b5d768ece4796b674c8f3fe13efff \
    --hash=sha256:0678000bb9ac1475cd454c6b8c799206af8107e310843532b04d49649c717a47 \
    --hash=sha256:0811bb762109d9708cca4d0b13c4f67146e3c3b7cf8d34018c722adb2d957c84 \
    --hash=sha256:0b605b275d7bd0c640cad4e5d30fa701a8d59302e127e5f79138ad62762c3e3d \
    --hash=sha256:0bca768cd85ae743b2affdc762d617eddf3bcf8724435498a1e80132d04879e6 \
    --hash=sha256:1bc23a79bfabc5d056d106f9befb8d50c31ced2fbc70eedb8155aec74a45798f \
    --hash=sha256:287cc3162b6f01463ccd86be154f284d0893d2b3ed7292439ea97eafa8170e0b \
    --hash=sha256:37c0ca431f82cd5fa716eca9506aefcabc247fb27ba69c5062a6d3ade8cf8f49 \
    --hash=sha256:37e990a01ae6ec7fe7fa1c26c55ecb672dd98b19c3d0e1d1f326fa13cb38d163 \
    --hash=sha256:389d771b1623ec92636b0786bc4ae56abafad4a4c513d36a55dce14bd9ce8571 \
    --hash=sha256:3d70692235e759f260c3d837193090014aebdf026dfd167834bcba43e30c2a42 \
    --hash=sha256:41c5a21f4a04fa86436124d388f6ed60a9343a6f767fced1a8a71c3fbca038ff \
    --hash=sha256:481b49095335f8eed42e39e8041327c05b0f6f4780488f61286ed3c01368d491 \
    --hash=sha256:4eeaae00d789f66c7a25ac5f34b71a7035bb474e679f410e5e1a94deb24cf2d4 \
    --hash=sha256:55a4d33fa519660d69614a9fad433be87e5252f4b03850642f88993f7b2ca566 \
    --hash=sha256:5a6429d4be8ca66d889b7cf70f536a397dc45ba6faeb5f8c5427935d9592e9cf \
    --hash=sha256:5bd4fc3ac8926b3819797a7c0e2631eb889b4118a9898c84f585a54d475b7e40 \
    --hash=sha256:5beb72339d9d4fa36522fc63802f469b13cdbe4fdab4a288f0c441b74272ebfd \
    --hash=sha256:6031dd6dfecc0cf9f668681a37648373bddd6421fff6c66ec1624eed0180ee06 \
    --hash=sha256:71594f7c51a18e728451bb50cc60a3ce4e6538822731b2933209a1f3614e9282 \
    --hash=sha256:74d4531beb257d2c3f4b261bfb0fc09e0f9ebb8842d82a7b4209415896adc680 \
    --hash=sha256:7befc596a7dc9da8a337f79802ee8adb30a552a94f792b9c9d18c840055907db \
    --hash=sha256:894b3a42502226a1cac872f840030665f33326fc3dac8e57c607905773cdcde3 \
    --hash=sha256:8e41fd67c52b86603a91c1a505ebaef50b3314de0213461c7a6e99c9a3beff90 \
    --hash=sha256:8e9ace4a37db23421249ed236fdcdd457d671e25146786dfc96835cd951aa7c1 \
    --hash=sha256:8fc377d995680230e83241d8a96def29f204b5782f371c532579b4f20607a289 \
    --hash=sha256:9551a499bf125c1d4f9e250377c1ee2eddd02e01eac6644c080162c0c51778ab \
    --hash=sha256:b0544343a702fa80c95ad5d3d608ea3599dd54d4632df855e4c8d24eb6ecfa1c \
    --hash=sha256:b093dd74e50a8cba3e873868d9e93a85b78e0daf2e98c6797566ad8044e8363d \
    --hash=sha256:b412caa66f72040e6d268491a59f2c43bf03eb6c96dd8f0307829feb7fa2b6fb \
    --hash=sha256:b4f13750ce79751586ae2eb824ba7e1e8dba64784086c98cdbbcc6a42112ce0d \
    --hash=sha256:b64d8d4d17135e00c8e346e0a738deb17e754230d7e0810ac5012750bbd85a5a \
    --hash=sha256:ba10f8411898fc418a521833e014a77d3ca01c15b0c6cdcce6a0d2897e6dbbdf \
    --hash=sha256:bd48227a919f1bafbdda0583705e547892342c26fb127219d60a5c36882609d1 \
    --hash=sha256:c1f9540be57940698ed329904db803cf7a402f3fc200bfe599334c9bd84a40b2 \
    --hash=sha256:c820a93b0255bc360f53eca31a0e676fd1101f673dda8da93454a12e23fc5f7a \
    --hash=sha256:ce47521a4754c8f4593837384bd3424880629f718d87c5d44f8ed763edd63543 \
    --hash=sha256:d042d24c90c41b54fd506da306759e06e568864df8ec17ccc17e9e884634fd00 \
    --hash=sha256:de749064336d37e340f640b05f24e9e3dd678c57318c7289d222a8a2f543e90c \
    --hash=sha256:e1dda9c7e08dc141e0247a5b8f49cf05984955246a327d4c48bda16821947b2f \
    --hash=sha256:e29554e2bef54a90aa5cc07da6ce955accb83f21ab5de01a62c8478897b264fd \
    --hash=sha256:e3143e4451880bed956e706a3220b4e5cf6172ef05fcc397f6f36a550b1dd868 \
    --hash=sha256:e8213002e427c69c45a52bbd94163084025f533a55a59d6f9c5b820774ef3303 \
    --hash=sha256:efd28d4e9cd7d7a8d39074a4d44c63eda73401580c5c76acda2ce969e0a38e83 \
    --hash=sha256:f0fd6321b839904e15c46e0d257fdd101dd7f530fe03fd6359c1ea63738703f3 \
    --hash=sha256:f1372f041402e37e5e633e586f62aa53de2eac8d98cbfb822806ce4bbefcb74d \
    --hash=sha256:f2618db89be1b4e05f7a1a847a9c1c0abd63e63a1607d892dd54668dd92faf87 \
    --hash=sha256:f447e6acb680fd307f40d3da4852208af94afdfab89cf850986c3ca00562f4fa \
    --hash=sha256:f92729c95468a2f4f15e9bb94c432a9229d0d50de67304399627a943201baa2f \
    --hash=sha256:f9f1adb22318e121c5c69a09142811a201ef17ab257a1e66ca3025065b7f53ae \
    --hash=sha256:fc0c5673685c508a142ca65209b4e79ed6740a4ed6b2267dbba90f34b0b3cfda \
    --hash=sha256:fc7b73d02efb0e18c000e9ad8b83480dfcd5dfd11065997ed4c6747470ae8915 \
    --hash=sha256:fd83c01228a688733f1ded5201c678f0c53ecc1006ffbc404db9f7a899ac6249 \
    --hash=sha256:fe27749d33bb772c80dcd84ae7e8df2adc920ae8297400dabec45f0dedb3f6de \
    --hash=sha256:fee4236c876c4e8369388054d02d0e9bb84821feb1a64dd59e137e6511a551f8
    # via pyarrow
pyarrow==9.0.0 \
    --hash=sha256:0238998dc692efcb4e41ae74738d7c1234723271ccf520bd8312dca07d49ef8d \
    --hash=sha256:02b820ecd1da02012092c180447de449fc688d0c3f9ff8526ca301cdd60dacd0 \
    --hash=sha256:1c5a073a930c632058461547e0bc572da1e724b17b6b9eb31a97da13f50cb6e0 \
    --hash=sha256:29eb3e086e2b26202f3a4678316b93cfb15d0e2ba20f3ec12db8fd9cc07cde63 \
    --hash=sha256:2c715eca2092273dcccf6f08437371e04d112f9354245ba2fbe6c801879450b7 \
    --hash=sha256:2e753f8fcf07d8e3a0efa0c8bd51fef5c90281ffd4c5637c08ce42cd0ac297de \
    --hash=sha256:3eef8a981f45d89de403e81fb83b8119c20824caddf1404274e41a5d66c73806 \
    --hash=sha256:4eebdab05afa23d5d5274b24c1cbeb1ba017d67c280f7d39fd8a8f18cbad2ec9 \
    --hash=sha256:5526a3bfb404ff6d31d62ea582cf2466c7378a474a99ee04d1a9b05de5264541 \
    --hash=sha256:55328348b9139c2b47450d512d716c2248fd58e2f04e2fc23a65e18726666d42 \
    --hash=sha256:767cafb14278165ad539a2918c14c1b73cf20689747c21375c38e3fe62884902 \
    --hash=sha256:7fa56cbd415cef912677270b8e41baad70cde04c6d8a8336eeb2aba85aa93706 \
    --hash=sha256:7fb02bebc13ab55573d1ae9bb5002a6d20ba767bf8569b52fce5301d42495ab7 \
    --hash=sha256:81a60bb291a964f63b2717fb1b28f6615ffab7e8585322bfb8a6738e6b321282 \
    --hash=sha256:8ad430cee28ebc4d6661fc7315747c7a18ae2a74e67498dcb039e1c762a2fb67 \
    --hash=sha256:92f3977e901db1ef5cba30d6cc1d7942b8d94b910c60f89013e8f7bb86a86eef \
    --hash=sha256:9cef618159567d5f62040f2b79b1c7b38e3885f4ffad0ec97cd2d86f88b67cef \
    --hash=sha256:a5b390bdcfb8c5b900ef543f911cdfec63e88524fafbcc15f83767202a4a2491 \
    --hash=sha256:d9eb04db626fa24fdfb83c00f76679ca0d98728cdbaa0481b6402bf793a290c0 \
    --hash=sha256:da3e0f319509a5881867effd7024099fb06950a0768dad0d6873668bb88cfaba \
    --hash=sha256:f11a645a41ee531c3a5edda45dea07c42267f52571f818d388971d33fc7e2d4a \
    --hash=sha256:f241bd488c2705df930eedfe304ada71191dcf67d6b98ceda0cc934fd2a8388e \
    --hash=sha256:f59bcd5217a3ae1e17870792f82b2ff92df9f3862996e2c78e156c13e56ff62e \
    --hash=sha256:f8c46bde1030d704e2796182286d1c56846552c50a39ad5bf5a20c0d8159fc35 \
    --hash=sha256:fc856628acd8d281652c15b6268ec7f27ebcb015abbe99d9baad17f02adc51f1 \
    --hash=sha256:fe2ce795fa1d95e4e940fe5661c3c58aee7181c730f65ac5dd8794a77228de59
    # via -r python/requirements/data/pyarrow-v9.txt
