--index-url https://pypi.org/simple
--extra-index-url https://download.pytorch.org/whl/cpu

dnspython==2.8.0 \
    --hash=sha256:01d9bbc4a2d76bf0db7c1f729812ded6d912bd318d3b1cf81d30c0f845dbf3af \
    --hash=sha256:181d3c6996452cb1189c4046c61599b84a5a86e099562ffde77d26984ff26d0f
    # via pymongo
numpy==1.23.5 \
    --hash=sha256:01dd17cbb340bf0fc23981e52e1d18a9d4050792e8fb8363cecbf066a84b827d \
    --hash=sha256:06005a2ef6014e9956c09ba07654f9837d9e26696a0470e42beedadb78c11b07 \
    --hash=sha256:09b7847f7e83ca37c6e627682f145856de331049013853f344f37b0c9690e3df \
    --hash=sha256:0aaee12d8883552fadfc41e96b4c82ee7d794949e2a7c3b3a7201e968c7ecab9 \
    --hash=sha256:0cbe9848fad08baf71de1a39e12d1b6310f1d5b2d0ea4de051058e6e1076852d \
    --hash=sha256:1b1766d6f397c18153d40015ddfc79ddb715cabadc04d2d228d4e5a8bc4ded1a \
    --hash=sha256:33161613d2269025873025b33e879825ec7b1d831317e68f4f2f0f84ed14c719 \
    --hash=sha256:5039f55555e1eab31124a5768898c9e22c25a65c1e0037f4d7c495a45778c9f2 \
    --hash=sha256:522e26bbf6377e4d76403826ed689c295b0b238f46c28a7251ab94716da0b280 \
    --hash=sha256:56e454c7833e94ec9769fa0f86e6ff8e42ee38ce0ce1fa4cbb747ea7e06d56aa \
    --hash=sha256:58f545efd1108e647604a1b5aa809591ccd2540f468a880bedb97247e72db387 \
    --hash=sha256:5e05b1c973a9f858c74367553e236f287e749465f773328c8ef31abe18f691e1 \
    --hash=sha256:7903ba8ab592b82014713c491f6c5d3a1cde5b4a3bf116404e08f5b52f6daf43 \
    --hash=sha256:8969bfd28e85c81f3f94eb4a66bc2cf1dbdc5c18efc320af34bffc54d6b1e38f \
    --hash=sha256:92c8c1e89a1f5028a4c6d9e3ccbe311b6ba53694811269b992c0b224269e2398 \
    --hash=sha256:9c88793f78fca17da0145455f0d7826bcb9f37da4764af27ac945488116efe63 \
    --hash=sha256:a7ac231a08bb37f852849bbb387a20a57574a97cfc7b6cabb488a4fc8be176de \
    --hash=sha256:abdde9f795cf292fb9651ed48185503a2ff29be87770c3b8e2a14b0cd7aa16f8 \
    --hash=sha256:af1da88f6bc3d2338ebbf0e22fe487821ea4d8e89053e25fa59d1d79786e7481 \
    --hash=sha256:b2a9ab7c279c91974f756c84c365a669a887efa287365a8e2c418f8b3ba73fb0 \
    --hash=sha256:bf837dc63ba5c06dc8797c398db1e223a466c7ece27a1f7b5232ba3466aafe3d \
    --hash=sha256:ca51fcfcc5f9354c45f400059e88bc09215fb71a48d3768fb80e357f3b457e1e \
    --hash=sha256:ce571367b6dfe60af04e04a1834ca2dc5f46004ac1cc756fb95319f64c095a96 \
    --hash=sha256:d208a0f8729f3fb790ed18a003f3a57895b989b40ea4dce4717e9cf4af62c6bb \
    --hash=sha256:dbee87b469018961d1ad79b1a5d50c0ae850000b639bcb1b694e9981083243b6 \
    --hash=sha256:e9f4c4e51567b616be64e05d517c79a8a22f3606499941d97bb76f2ca59f982d \
    --hash=sha256:f063b69b090c9d918f9df0a12116029e274daf0181df392839661c4c7ec9018a \
    --hash=sha256:f9a909a8bae284d46bbfdefbdd4a262ba19d3bc9921b1e76126b1d21c3c34135
    # via
    #   --override python/requirements/data/mongo.txt
    #   -r python/requirements/data/mongo.txt
    #   pyarrow
pyarrow==9.0.0 \
    --hash=sha256:0238998dc692efcb4e41ae74738d7c1234723271ccf520bd8312dca07d49ef8d \
    --hash=sha256:02b820ecd1da02012092c180447de449fc688d0c3f9ff8526ca301cdd60dacd0 \
    --hash=sha256:1c5a073a930c632058461547e0bc572da1e724b17b6b9eb31a97da13f50cb6e0 \
    --hash=sha256:29eb3e086e2b26202f3a4678316b93cfb15d0e2ba20f3ec12db8fd9cc07cde63 \
    --hash=sha256:2c715eca2092273dcccf6f08437371e04d112f9354245ba2fbe6c801879450b7 \
    --hash=sha256:2e753f8fcf07d8e3a0efa0c8bd51fef5c90281ffd4c5637c08ce42cd0ac297de \
    --hash=sha256:3eef8a981f45d89de403e81fb83b8119c20824caddf1404274e41a5d66c73806 \
    --hash=sha256:4eebdab05afa23d5d5274b24c1cbeb1ba017d67c280f7d39fd8a8f18cbad2ec9 \
    --hash=sha256:5526a3bfb404ff6d31d62ea582cf2466c7378a474a99ee04d1a9b05de5264541 \
    --hash=sha256:55328348b9139c2b47450d512d716c2248fd58e2f04e2fc23a65e18726666d42 \
    --hash=sha256:767cafb14278165ad539a2918c14c1b73cf20689747c21375c38e3fe62884902 \
    --hash=sha256:7fa56cbd415cef912677270b8e41baad70cde04c6d8a8336eeb2aba85aa93706 \
    --hash=sha256:7fb02bebc13ab55573d1ae9bb5002a6d20ba767bf8569b52fce5301d42495ab7 \
    --hash=sha256:81a60bb291a964f63b2717fb1b28f6615ffab7e8585322bfb8a6738e6b321282 \
    --hash=sha256:8ad430cee28ebc4d6661fc7315747c7a18ae2a74e67498dcb039e1c762a2fb67 \
    --hash=sha256:92f3977e901db1ef5cba30d6cc1d7942b8d94b910c60f89013e8f7bb86a86eef \
    --hash=sha256:9cef618159567d5f62040f2b79b1c7b38e3885f4ffad0ec97cd2d86f88b67cef \
    --hash=sha256:a5b390bdcfb8c5b900ef543f911cdfec63e88524fafbcc15f83767202a4a2491 \
    --hash=sha256:d9eb04db626fa24fdfb83c00f76679ca0d98728cdbaa0481b6402bf793a290c0 \
    --hash=sha256:da3e0f319509a5881867effd7024099fb06950a0768dad0d6873668bb88cfaba \
    --hash=sha256:f11a645a41ee531c3a5edda45dea07c42267f52571f818d388971d33fc7e2d4a \
    --hash=sha256:f241bd488c2705df930eedfe304ada71191dcf67d6b98ceda0cc934fd2a8388e \
    --hash=sha256:f59bcd5217a3ae1e17870792f82b2ff92df9f3862996e2c78e156c13e56ff62e \
    --hash=sha256:f8c46bde1030d704e2796182286d1c56846552c50a39ad5bf5a20c0d8159fc35 \
    --hash=sha256:fc856628acd8d281652c15b6268ec7f27ebcb015abbe99d9baad17f02adc51f1 \
    --hash=sha256:fe2ce795fa1d95e4e940fe5661c3c58aee7181c730f65ac5dd8794a77228de59
    # via
    #   --override python/requirements/data/mongo.txt
    #   -r python/requirements/data/mongo.txt
    #   pymongoarrow
pymongo==4.3.2 \
    --hash=sha256:006799ddba1f2e73ce27689f016791ab80e51876c52ae2265d8c76016baaa10e \
    --hash=sha256:02140c1a9f2107a16c074c9e558a556faafb0dc3c2e9332c6685c5506823ab9d \
    --hash=sha256:04597a5d877a984b5e3059e942b02d68f8af9bb4328592abca27e82015560112 \
    --hash=sha256:07e05784578bf7f8ecdfc6d0fd1e684e6259e9b5fdb5439a58c4f0df950fae29 \
    --hash=sha256:07f58d05d2289f93e16ddc93be6e0453fa67afd33c1b015f6bd3d9741c0963ff \
    --hash=sha256:0c8f061eabef3a6b3696f7f7be3eaed7928864ff84a2248429f9c7eb564343cc \
    --hash=sha256:0d7ad2112a705e992ca0cca98ccbb874276c495f8d9df627438c2ee94f810a3d \
    --hash=sha256:0f48c2562a1d1426b6db7567511dc62817df43357041e1fd4ea5c68278bfa11b \
    --hash=sha256:11630f5b3287375c85f5b7a788d3a7241671af24fda2b49a3396bc53cbf1c0c6 \
    --hash=sha256:178ffaa833d473b16fbd65c4a485af56484a50e2a201e8d0547f98cf5007f133 \
    --hash=sha256:1be15568e4b2be4c75bc54a542276c857628e09cbc283befcf4c45a0a22c1eec \
    --hash=sha256:21e1cfa3e73cd253afcad32e2a46a277f52553635ccc0dd4d643f5824af88428 \
    --hash=sha256:253faefea46482ffa87c77fdd01cd95d430cc84aae8d7a78ba920ea6cebcf3c7 \
    --hash=sha256:26dd79e60f883b6467b91c8af0be484147365b18cebf9248f8e72c035aecb693 \
    --hash=sha256:28ab644adc92c21a249570e2d677ebf4f2ef374630ddec98f19d2630dcb154c6 \
    --hash=sha256:2c821c897498e3e3c3254f7a90195f71473361f502201fd396281869d8108857 \
    --hash=sha256:315fe5f628e9aee67cc4c17b91ddf08c5c0917b764f433a5acf9aed33164a8f0 \
    --hash=sha256:352bc034e112c9f6a408e2796e74bae900d3167a804224b2c24ea75b5d57e9f9 \
    --hash=sha256:35e9eec45a212306143367b0702c2aff75c375290015af00fa8b653641c20b34 \
    --hash=sha256:36e7a74bdab9aa19f5ac94dfd74111d2164ccea752afbef0aa039d1266e7c404 \
    --hash=sha256:372307185d8e17ea31d2f3ff6943e213a6c379ccf547f18b05a58a1620d6f92a \
    --hash=sha256:39308580bcdbc368a2664c48761226c06b1d3368cc3ab3492d3cca88dc2e5e27 \
    --hash=sha256:3966dcba4b80dbc0eb4dd08d6f7127e3b1701cd829b6c13507a956c878b78546 \
    --hash=sha256:3f41781c8310fe1ae3ed0b809e2d7be6ebba9f0954c08e1d18ac443916b82b29 \
    --hash=sha256:404bc7f7190e8975f41f0c7498e303e9cb291f6384e1889ac4333448652a83d6 \
    --hash=sha256:4f7763c9e37e6d59406ce2defc25266980b24a86708ec6db753b02459db45715 \
    --hash=sha256:5231eb29e8174509250bc5fc609d6e8eceebfb209bf37bd6e014cbd7b6554344 \
    --hash=sha256:53dd2c034fb92c019e5e581cd361ed3fa9833abb56cc76725d56dcba169746fe \
    --hash=sha256:6049927b50c39e7dc51e75b5bb30c8501fbf1f08414b3447bcc9f9f967c116ed \
    --hash=sha256:6461d29a967e1980ba7798e4da8178dbe4245fe4a66ebb3aa07339c9da383c3a \
    --hash=sha256:6498ae9a76ad64617703373a43e3cd8454271bca0d7d395b393b4f31aa68f734 \
    --hash=sha256:64b010681019c0b312f342e3aae1f3091a7dc7ff4b7a3dec72fc0e7238be9477 \
    --hash=sha256:68213f4c1531b95dcfef40f79dd95e94484f69ec5949b7f42f82ad2bee135f7f \
    --hash=sha256:68320e5326e2b1e49dcd901e6dcbe3009b8a0fd0da0c618579a2be7cf5f2d7be \
    --hash=sha256:6db95d3e955aa5dbe42db691dd77cdddc0bc15f9883aa1def51f3ca40d49c1d6 \
    --hash=sha256:715ad027daff84e213ab74fa3ec98cad8dabb669653a71daa0dd6f80a1c32dd0 \
    --hash=sha256:7424b7c59b16e7889a720a5b2e2dda518753c6fec6c6582ab2fcedf97df3df75 \
    --hash=sha256:77436db17ab2baec2356cf38db32d13c7cd11267c8137864c67391f2dfdcc5e4 \
    --hash=sha256:7b2a8b2b7d9196d46e5181f88632eeca5bf79a69ca2e9911229c58f66aebfbeb \
    --hash=sha256:7c22ad464688a807bec103734cbdf712489c74d439cdd346e6f12095070bfbf5 \
    --hash=sha256:7ce5d43c011e03cd1a42a4dcc0d5c8772f18533cdfe672a63607942d62581df4 \
    --hash=sha256:7f907daec92208d748db4ea04568aa33e9254e0c27e4e40ac287e1b1ca8b12b5 \
    --hash=sha256:80bdfc7039674c670e1afbf95849ce2075731785527eeac7e3850e862dec239b \
    --hash=sha256:8817b17db2013354aa7f187d5825d65da0d7720b5ca697af37ff5efdf97e7f62 \
    --hash=sha256:8d81f6f5f6e66481aadd2fc087a937833312de23cd94b5ea1b225f35fafb0a00 \
    --hash=sha256:8f968621d019ed165f1cb5b037875ce3425ea7704407234895c7c52ad32190da \
    --hash=sha256:94639935caf13af551429bd13e4cb20e7c110a57d07f0c6a84a9bf3c2c9000ad \
    --hash=sha256:95913659d6c5fc714e662533d014836c988cc1561684f07b6a0a8343651afa66 \
    --hash=sha256:95f41c4e3b9e315655d6d1136d904ceda24fe5ea2d273ec6f9d66dbef06f3446 \
    --hash=sha256:98fd65c2aee7a55615dda1a1b0340ae8d756151983cb5040ea59a730083221e7 \
    --hash=sha256:a06c9ca15a2133478d1c775c4e7e5e782961b6254a3fc81ab5d0fb3cf9b8e358 \
    --hash=sha256:ab7f49c5ca3db7ae94743b0da1b21c5e7402a561a0614c1b0fba718aad591611 \
    --hash=sha256:aee8fafea8bb669deb0dd4878d947f79b2ef298e60f06e1fe799598929b68be2 \
    --hash=sha256:af46f635513c7339419374f46f4f662cee7140bfb86de4377885a2c1de2278d4 \
    --hash=sha256:b36da8aeb95cc1abea7b80e578fb6bcdbe395638d16b1b0068bc121e2111a00f \
    --hash=sha256:b4b683a40cf07b6d16704ead92a7aee24208d3af83d55d31248cdac003f8591c \
    --hash=sha256:b510843ea70e5bc9c096a93f683b28e8d43f1ad89da0126502d88b3d90f07ebe \
    --hash=sha256:c5db3bddbbc2657aa76088e76d24a616aefc98883c48dc27f3c3829ddb2ca10d \
    --hash=sha256:c8e82d6cc2f1cf5017485f55d67375bacf73d95c40903759e46024a987bab86f \
    --hash=sha256:cad31512e6956c95210fbd585d5b80df28425251260387164c6382894f0c6eca \
    --hash=sha256:cb47ba9c19da8fb4174f9d7bbbdb1796ad288c61dda35c96fb45d69e61d3a5cb \
    --hash=sha256:cc7b269af274ac0d5d9a5c8d035b03ccc34438baa01705bf8ec7cc6a31093ace \
    --hash=sha256:ce14598b8fa93e51aed0f400e446fddd6b26297ba5965fd0c0585614b60b9fc0 \
    --hash=sha256:cea32bd14d8c0725e22e5fcc607a81e3636650c689697c12423a34f9a125c7e2 \
    --hash=sha256:ceded83530f5507dadd873f8d004b56f996de44d9c3f56b7f26c22ca823f12ee \
    --hash=sha256:cefd851fdea191fc4db780157a28a11e0a80bccd34c454a73f252a287d28b2c7 \
    --hash=sha256:d7bdfac2f3c87d0971691f2a091427f55bb6b94b23d74213ed2de87d8facba85 \
    --hash=sha256:dab1d89f969046057be2b904a7bbf40df114f43aebfb3ccdceb054d9c40ec56d \
    --hash=sha256:db94b741dde2cc44ec038495d041c8f6dd4d510bb4e5d0be1b9f9aae4fbb28c6 \
    --hash=sha256:e4082d1b660e70d9df71da00050f7adb902b73a2287216e69ada124bd2f89636 \
    --hash=sha256:e96483316a799923f13bb61170f05feab22e8bd8630bf8cdcd440c78f307039a \
    --hash=sha256:f3861081540e1f06d1e5d131d1419b9fc507834b6865407e0f56735b4082566c \
    --hash=sha256:f423e066de040f4f93dcac0e6ceec37ffc25cc591a609ecc3ab20adfdbb787ae \
    --hash=sha256:f84b8428a41d7d7f2931762c27b09ffa8b3bc51e3b5dab40ab2b1d008091247e
    # via
    #   --override python/requirements/data/mongo.txt
    #   -r python/requirements/data/mongo.txt
    #   pymongoarrow
pymongoarrow==0.5.1 \
    --hash=sha256:04bf90f0c8c80427e202a7a4d7c414abf44bca86dc27f6a28900a27a547aa34e \
    --hash=sha256:145f6530f9e27cea12b9f9e7bbc897b46758882e169854921d62e21df965f4bf \
    --hash=sha256:20abe987710272fcc79145ec6f082c7d0647f29873ee9662feef42e59f9e33a6 \
    --hash=sha256:243526540196b60dde7e9f1872889e594f0cf7e298ce2fc78f006148ca9bfb9a \
    --hash=sha256:27d0477a9bfdc0a320c926e0d9dcb2e32fa18c432ceb123d46f0b000fd23ea44 \
    --hash=sha256:2b319026e26e5419c84fe69645bf2cd618a878bb86a2850ab91b018d201a091a \
    --hash=sha256:310b2d5c0cdeb0ea07b616735d99177ca16bbbd0bdfb9512b479bce7fd606fe3 \
    --hash=sha256:5a52a304536d11f5e123c67bd9c2008e8e795743221fa64fbdbf305e39d8e2af \
    --hash=sha256:6b0e9e08f3c6f0f6c9959d2c99b819d18a032b1729a756053e91558780cbe9f6 \
    --hash=sha256:875181a35ebdecf4bad9ec09ebac328857ac86615192678f99163788c715a3ad \
    --hash=sha256:9fd2f4dded782af8fcebb7127547b120376724215ba799fb5e79676d46ffd8ef \
    --hash=sha256:af9769212eff79cb061673205b9989dcdc7308baa17a5682331a193b76ed0825 \
    --hash=sha256:bca56ae8ee841e9c3c90eea93395ef05e450b0a73761969cadb9c74d52a179ef \
    --hash=sha256:bd6c7c5b244964e0d143910a69696fdb574fb2a173ee0edbe249cffa949dc72a \
    --hash=sha256:fb4520554b61a2c749a628d99af2b4e9ec9a62c18fef7f5173ba434768920a10
    # via
    #   --override python/requirements/data/mongo.txt
    #   -r python/requirements/data/mongo.txt
