--index-url https://pypi.org/simple
--extra-index-url https://download.pytorch.org/whl/cpu

pyarrow==23.0.1 \
    --hash=sha256:00be9576d970c31defb5c32eb72ef585bf600ef6d0a82d5eccaae96639cf9d07 \
    --hash=sha256:07deae7783782ac7250989a7b2ecde9b3c343a643f82e8a4df03d93b633006f0 \
    --hash=sha256:0ae6e17c828455b6265d590100c295193f93cc5675eb0af59e49dbd00d2de350 \
    --hash=sha256:0b95a3994f015be13c63148fef8832e8a23938128c185ee951c98908a696e0eb \
    --hash=sha256:17cd28e906c18af486a499422740298c52d7c6795344ea5002a7720b4eadf16d \
    --hash=sha256:26d50dee49d741ac0e82185033488d28d35be4d763ae6f321f97d1140eb7a0e9 \
    --hash=sha256:29f7f7419a0e30264ea261fdc0e5fe63ce5a6095003db2945d7cd78df391a7e1 \
    --hash=sha256:33d648dc25b51fd8055c19e4261e813dfc4d2427f068bcecc8b53d01b81b0500 \
    --hash=sha256:3a4c85ef66c134161987c17b147d6bffdca4566f9a4c1d81a0a01cdf08414ea5 \
    --hash=sha256:3c30143b17161310f151f4a2bcfe41b5ff744238c1039338779424e38579d701 \
    --hash=sha256:3f91c038b95f71ddfc865f11d5876c42f343b4495535bd262c7b321b0b94507c \
    --hash=sha256:3fab8f82571844eb3c460f90a75583801d14ca0cc32b1acc8c361650e006fd56 \
    --hash=sha256:46718a220d64677c93bc243af1d44b55998255427588e400677d7192671845c7 \
    --hash=sha256:4982d71350b1a6e5cfe1af742c53dfb759b11ce14141870d05d9e540d13bc5d1 \
    --hash=sha256:527e8d899f14bd15b740cd5a54ad56b7f98044955373a17179d5956ddb93d9ce \
    --hash=sha256:564baf97c858ecc03ec01a41062e8f4698abc3e6e2acd79c01c2e97880a19730 \
    --hash=sha256:5abde149bb3ce524782d838eb67ac095cd3fd6090eba051130589793f1a7f76d \
    --hash=sha256:5c16ed4f53247fa3ffb12a14d236de4213a4415d127fe9cebed33d51671113e2 \
    --hash=sha256:5df1161da23636a70838099d4aaa65142777185cc0cdba4037a18cee7d8db9ca \
    --hash=sha256:5f4763b83c11c16e5f4c15601ba6dfa849e20723b46aa2617cb4bffe8768479f \
    --hash=sha256:6b8fda694640b00e8af3c824f99f789e836720aa8c9379fb435d4c4953a756b8 \
    --hash=sha256:6f0147ee9e0386f519c952cc670eb4a8b05caa594eeffe01af0e25f699e4e9bb \
    --hash=sha256:7044b442f184d84e2351e5084600f0d7343d6117aabcbc1ac78eb1ae11eb4125 \
    --hash=sha256:71c5be5cbf1e1cb6169d2a0980850bccb558ddc9b747b6206435313c47c37677 \
    --hash=sha256:76e823d0e86b4fb5e1cf4a58d293036e678b5a4b03539be933d3b31f9406859f \
    --hash=sha256:7707d2b6673f7de054e2e83d59f9e805939038eebe1763fe811ee8fa5c0cd1a7 \
    --hash=sha256:813d99f31275919c383aab17f0f455a04f5a429c261cc411b1e9a8f5e4aaaa05 \
    --hash=sha256:86ff03fb9f1a320266e0de855dee4b17da6794c595d207f89bba40d16b5c78b9 \
    --hash=sha256:8ff51b1addc469b9444b7c6f3548e19dc931b172ab234e995a60aea9f6e6025f \
    --hash=sha256:9b6f4f17b43bc39d56fec96e53fe89d94bac3eb134137964371b45352d40d0c2 \
    --hash=sha256:9fc13fc6c403d1337acab46a2c4346ca6c9dec5780c3c697cf8abfd5e19b6b37 \
    --hash=sha256:a09f3876e87f48bc2f13583ab551f0379e5dfb83210391e68ace404181a20690 \
    --hash=sha256:a35581e856a2fafa12f3f54fce4331862b1cfb0bef5758347a858a4aa9d6bae8 \
    --hash=sha256:a62e1899e3078bf65943078b3ad2a6ddcacf2373bc06379aac61b1e548a75814 \
    --hash=sha256:b8c5873e33440b2bc2f4a79d2b47017a89c5a24116c055625e6f2ee50523f019 \
    --hash=sha256:bf5842f960cddd2ef757d486041d57c96483efc295a8c4a0e20e704cbbf39c67 \
    --hash=sha256:c2139549494445609f35a5cda4eb94e2c9e4d704ce60a095b342f82460c73a83 \
    --hash=sha256:c250248f1fe266db627921c89b47b7c06fee0489ad95b04d50353537d74d6886 \
    --hash=sha256:c33b5bf406284fd0bba436ed6f6c3ebe8e311722b441d89397c54f871c6863a2 \
    --hash=sha256:cd395abf8f91c673dd3589cadc8cc1ee4e8674fa61b2e923c8dd215d9c7d1f41 \
    --hash=sha256:cecfb12ef629cf6be0b1887f9f86463b0dd3dc3195ae6224e74006be4736035a \
    --hash=sha256:d0744403adabef53c985a7f8a082b502a368510c40d184df349a0a8754533258 \
    --hash=sha256:db2190fa79c80a23fdd29fef4b8992893f024ae7c17d2f5f4db7171fa30c2c78 \
    --hash=sha256:ddf743e82f69dcd6dbbcb63628895d7161e04e56794ef80550ac6f3315eeb1d5 \
    --hash=sha256:df088e8f640c9fae3b1f495b3c64755c4e719091caf250f3a74d095ddf3c836d \
    --hash=sha256:e052a211c5ac9848ae15d5ec875ed0943c0221e2fcfe69eee80b604b4e703222 \
    --hash=sha256:f00f993a8179e0e1c9713bcc0baf6d6c01326a406a9c23495ec1ba9c9ebf2919 \
    --hash=sha256:f4b0dbfa124c0bb161f8b5ebb40f1a680b70279aa0c9901d44a2b5a20806039f \
    --hash=sha256:fa8e51cb04b9f8c9c5ace6bab63af9a1f88d35c0d6cbf53e8c17c098552285e1 \
    --hash=sha256:fed7020203e9ef273360b9e45be52a2a47d3103caf156a30ace5247ffb51bdbd
    # via -r python/requirements/data/pyarrow-latest.txt
