# This file was autogenerated by uv via the following command:
#    uv pip compile --index-url https://pypi.org/simple --index-strategy unsafe-best-match --no-strip-markers --emit-index-url --emit-find-links --unsafe-package setuptools --python-version=3.11 --unsafe-package ray --python-platform=linux --extra-index-url https://download.pytorch.org/whl/cu128 --unsafe-package setuptools -c python/deplocks/llm/ray_test_py311_cu128.lock python/requirements.txt python/requirements/base-test-requirements.txt python/requirements/cloud-requirements.txt python/requirements/llm/llm-requirements.txt python/requirements/llm/llm-test-requirements.txt -o python/deplocks/llm/rayllm_test_py311_cu128.lock
--index-url https://pypi.org/simple
--extra-index-url https://download.pytorch.org/whl/cu128

adlfs==2023.8.0
    # via
    #   -c python/deplocks/llm/ray_test_py311_cu128.lock
    #   -r python/requirements/cloud-requirements.txt
aiofiles==22.1.0
    # via
    #   -c python/deplocks/llm/ray_test_py311_cu128.lock
    #   ypy-websocket
aiohappyeyeballs==2.6.1
    # via
    #   -c python/deplocks/llm/ray_test_py311_cu128.lock
    #   aiohttp
aiohttp==3.11.16
    # via
    #   -c python/deplocks/llm/ray_test_py311_cu128.lock
    #   -r python/requirements/cloud-requirements.txt
    #   -r python/requirements/llm/llm-test-requirements.txt
    #   -r python/requirements.txt
    #   adlfs
    #   aiohttp-cors
    #   pytest-aiohttp
    #   vllm
aiohttp-cors==0.7.0
    # via
    #   -c python/deplocks/llm/ray_test_py311_cu128.lock
    #   -r python/requirements.txt
aiorwlock==1.3.0
    # via
    #   -c python/deplocks/llm/ray_test_py311_cu128.lock
    #   -r python/requirements.txt
aiosignal==1.3.1
    # via
    #   -c python/deplocks/llm/ray_test_py311_cu128.lock
    #   aiohttp
aiosqlite==0.19.0
    # via
    #   -c python/deplocks/llm/ray_test_py311_cu128.lock
    #   ypy-websocket
alabaster==0.7.16
    # via sphinx
amqp==5.3.1
    # via
    #   -c python/deplocks/llm/ray_test_py311_cu128.lock
    #   kombu
annotated-types==0.6.0
    # via
    #   -c python/deplocks/llm/ray_test_py311_cu128.lock
    #   pydantic
anyio==3.7.1
    # via
    #   -c python/deplocks/llm/ray_test_py311_cu128.lock
    #   httpx
    #   jupyter-server
    #   openai
    #   starlette
    #   watchfiles
argon2-cffi==23.1.0
    # via
    #   -c python/deplocks/llm/ray_test_py311_cu128.lock
    #   jupyter-server
    #   nbclassic
    #   notebook
argon2-cffi-bindings==21.2.0
    # via
    #   -c python/deplocks/llm/ray_test_py311_cu128.lock
    #   argon2-cffi
arrow==1.3.0
    # via
    #   -c python/deplocks/llm/ray_test_py311_cu128.lock
    #   isoduration
astor==0.8.1
    # via depyf
asttokens==2.4.1
    # via
    #   -c python/deplocks/llm/ray_test_py311_cu128.lock
    #   stack-data
attrs==25.1.0
    # via
    #   -c python/deplocks/llm/ray_test_py311_cu128.lock
    #   aiohttp
    #   jsonschema
    #   referencing
audioread==3.0.1
    # via librosa
azure-common==1.1.28
    # via
    #   -c python/deplocks/llm/ray_test_py311_cu128.lock
    #   smart-open
azure-core==1.29.5
    # via
    #   -c python/deplocks/llm/ray_test_py311_cu128.lock
    #   adlfs
    #   azure-identity
    #   azure-storage-blob
    #   smart-open
azure-datalake-store==0.0.53
    # via
    #   -c python/deplocks/llm/ray_test_py311_cu128.lock
    #   adlfs
azure-identity==1.17.1
    # via
    #   -c python/deplocks/llm/ray_test_py311_cu128.lock
    #   -r python/requirements/cloud-requirements.txt
    #   adlfs
azure-storage-blob==12.22.0
    # via
    #   -c python/deplocks/llm/ray_test_py311_cu128.lock
    #   adlfs
    #   smart-open
babel==2.13.1
    # via
    #   -c python/deplocks/llm/ray_test_py311_cu128.lock
    #   jupyterlab-server
    #   sphinx
backcall==0.2.0
    # via
    #   -c python/deplocks/llm/ray_test_py311_cu128.lock
    #   ipython
backoff==2.2.1
    # via -r python/requirements/llm/llm-test-requirements.txt
beautifulsoup4==4.11.1
    # via
    #   -c python/deplocks/llm/ray_test_py311_cu128.lock
    #   nbconvert
billiard==4.2.1
    # via
    #   -c python/deplocks/llm/ray_test_py311_cu128.lock
    #   celery
blake3==1.0.5
    # via vllm
bleach==6.1.0
    # via
    #   -c python/deplocks/llm/ray_test_py311_cu128.lock
    #   nbconvert
boto3==1.29.7
    # via
    #   -c python/deplocks/llm/ray_test_py311_cu128.lock
    #   -r python/requirements/cloud-requirements.txt
    #   smart-open
botocore==1.32.7
    # via
    #   -c python/deplocks/llm/ray_test_py311_cu128.lock
    #   -r python/requirements/cloud-requirements.txt
    #   boto3
    #   s3transfer
cachetools==5.5.2
    # via
    #   -c python/deplocks/llm/ray_test_py311_cu128.lock
    #   google-auth
    #   vllm
cbor2==5.6.5
    # via vllm
celery==5.5.3
    # via
    #   -c python/deplocks/llm/ray_test_py311_cu128.lock
    #   -r python/requirements.txt
certifi==2025.1.31
    # via
    #   -c python/deplocks/llm/ray_test_py311_cu128.lock
    #   -r python/requirements/cloud-requirements.txt
    #   httpcore
    #   httpx
    #   requests
cffi==1.16.0
    # via
    #   -c python/deplocks/llm/ray_test_py311_cu128.lock
    #   argon2-cffi-bindings
    #   azure-datalake-store
    #   cryptography
    #   soundfile
charset-normalizer==3.3.2
    # via
    #   -c python/deplocks/llm/ray_test_py311_cu128.lock
    #   requests
click==8.1.7
    # via
    #   -c python/deplocks/llm/ray_test_py311_cu128.lock
    #   -r python/requirements/cloud-requirements.txt
    #   -r python/requirements.txt
    #   celery
    #   click-didyoumean
    #   click-plugins
    #   click-repl
    #   ray
    #   typer
    #   uvicorn
click-didyoumean==0.3.1
    # via
    #   -c python/deplocks/llm/ray_test_py311_cu128.lock
    #   celery
click-plugins==1.1.1.2
    # via
    #   -c python/deplocks/llm/ray_test_py311_cu128.lock
    #   celery
click-repl==0.3.0
    # via
    #   -c python/deplocks/llm/ray_test_py311_cu128.lock
    #   celery
cloudpickle==2.2.0
    # via
    #   -c python/deplocks/llm/ray_test_py311_cu128.lock
    #   gymnasium
    #   vllm
colorama==0.4.6
    # via
    #   -c python/deplocks/llm/ray_test_py311_cu128.lock
    #   -r python/requirements/cloud-requirements.txt
    #   halo
    #   log-symbols
colorful==0.5.5
    # via
    #   -c python/deplocks/llm/ray_test_py311_cu128.lock
    #   -r python/requirements.txt
comm==0.2.0
    # via
    #   -c python/deplocks/llm/ray_test_py311_cu128.lock
    #   ipykernel
    #   ipywidgets
compressed-tensors==0.11.0
    # via vllm
cryptography==44.0.3
    # via
    #   -c python/deplocks/llm/ray_test_py311_cu128.lock
    #   azure-identity
    #   azure-storage-blob
    #   msal
    #   pyjwt
    #   pyopenssl
cupy-cuda12x==13.1.0 ; sys_platform != 'darwin'
    # via
    #   -c python/deplocks/llm/ray_test_py311_cu128.lock
    #   -r python/requirements.txt
    #   ray
debugpy==1.8.0
    # via
    #   -c python/deplocks/llm/ray_test_py311_cu128.lock
    #   ipykernel
decorator==5.1.1
    # via
    #   -c python/deplocks/llm/ray_test_py311_cu128.lock
    #   ipython
    #   librosa
defusedxml==0.7.1
    # via
    #   -c python/deplocks/llm/ray_test_py311_cu128.lock
    #   nbconvert
depyf==0.19.0
    # via vllm
dill==0.4.0
    # via depyf
diskcache==5.6.3
    # via vllm
distlib==0.3.7
    # via
    #   -c python/deplocks/llm/ray_test_py311_cu128.lock
    #   virtualenv
distro==1.9.0
    # via openai
dm-tree==0.1.8
    # via
    #   -c python/deplocks/llm/ray_test_py311_cu128.lock
    #   -r python/requirements.txt
dnspython==2.7.0
    # via email-validator
docutils==0.19
    # via sphinx
einops==0.8.1
    # via vllm
email-validator==2.2.0
    # via fastapi
entrypoints==0.4
    # via
    #   -c python/deplocks/llm/ray_test_py311_cu128.lock
    #   jupyter-client
    #   nbconvert
executing==2.0.1
    # via
    #   -c python/deplocks/llm/ray_test_py311_cu128.lock
    #   stack-data
farama-notifications==0.0.4
    # via
    #   -c python/deplocks/llm/ray_test_py311_cu128.lock
    #   gymnasium
fastapi==0.115.12
    # via
    #   -c python/deplocks/llm/ray_test_py311_cu128.lock
    #   -r python/requirements.txt
    #   vllm
fastapi-cli==0.0.5
    # via fastapi
fastjsonschema==2.19.0
    # via
    #   -c python/deplocks/llm/ray_test_py311_cu128.lock
    #   nbformat
fastrlock==0.8.2 ; sys_platform != 'darwin'
    # via
    #   -c python/deplocks/llm/ray_test_py311_cu128.lock
    #   cupy-cuda12x
filelock==3.17.0
    # via
    #   -c python/deplocks/llm/ray_test_py311_cu128.lock
    #   -r python/requirements.txt
    #   huggingface-hub
    #   ray
    #   torch
    #   transformers
    #   virtualenv
    #   vllm
fqdn==1.5.1
    # via
    #   -c python/deplocks/llm/ray_test_py311_cu128.lock
    #   jsonschema
frozendict==2.4.6
    # via compressed-tensors
frozenlist==1.4.1
    # via
    #   -c python/deplocks/llm/ray_test_py311_cu128.lock
    #   aiohttp
    #   aiosignal
fsspec==2023.12.1
    # via
    #   -c python/deplocks/llm/ray_test_py311_cu128.lock
    #   -r python/requirements.txt
    #   adlfs
    #   huggingface-hub
    #   torch
gguf==0.17.0
    # via vllm
gitdb==4.0.11
    # via
    #   -c python/deplocks/llm/ray_test_py311_cu128.lock
    #   gitpython
gitpython==3.1.44
    # via
    #   -c python/deplocks/llm/ray_test_py311_cu128.lock
    #   -r python/requirements/cloud-requirements.txt
google-api-core==2.24.2
    # via
    #   -c python/deplocks/llm/ray_test_py311_cu128.lock
    #   google-cloud-core
    #   google-cloud-storage
    #   opencensus
google-auth==2.23.4
    # via
    #   -c python/deplocks/llm/ray_test_py311_cu128.lock
    #   -r python/requirements/cloud-requirements.txt
    #   google-api-core
    #   google-cloud-core
    #   google-cloud-storage
google-cloud-core==2.4.1
    # via
    #   -c python/deplocks/llm/ray_test_py311_cu128.lock
    #   google-cloud-storage
google-cloud-storage==2.14.0
    # via
    #   -c python/deplocks/llm/ray_test_py311_cu128.lock
    #   -r python/requirements/cloud-requirements.txt
    #   smart-open
google-crc32c==1.5.0
    # via
    #   -c python/deplocks/llm/ray_test_py311_cu128.lock
    #   google-cloud-storage
    #   google-resumable-media
google-resumable-media==2.6.0
    # via
    #   -c python/deplocks/llm/ray_test_py311_cu128.lock
    #   google-cloud-storage
googleapis-common-protos==1.61.0
    # via
    #   -c python/deplocks/llm/ray_test_py311_cu128.lock
    #   google-api-core
grpcio==1.74.0
    # via
    #   -c python/deplocks/llm/ray_test_py311_cu128.lock
    #   -r python/requirements/cloud-requirements.txt
    #   -r python/requirements.txt
    #   grpcio-tools
grpcio-tools==1.62.3
    # via
    #   -c python/deplocks/llm/ray_test_py311_cu128.lock
    #   -r python/requirements/cloud-requirements.txt
gymnasium==1.1.1
    # via
    #   -c python/deplocks/llm/ray_test_py311_cu128.lock
    #   -r python/requirements.txt
h11==0.16.0
    # via
    #   -c python/deplocks/llm/ray_test_py311_cu128.lock
    #   httpcore
    #   uvicorn
halo==0.0.31
    # via
    #   -c python/deplocks/llm/ray_test_py311_cu128.lock
    #   -r python/requirements/cloud-requirements.txt
hf-transfer==0.1.9
    # via -r python/requirements/llm/llm-requirements.txt
hf-xet==1.1.3 ; platform_machine == 'aarch64' or platform_machine == 'amd64' or platform_machine == 'arm64' or platform_machine == 'x86_64'
    # via huggingface-hub
httpcore==1.0.9
    # via httpx
httplib2==0.20.4
    # via
    #   -c python/deplocks/llm/ray_test_py311_cu128.lock
    #   oauth2client
httptools==0.6.4
    # via uvicorn
httpx==0.28.1
    # via
    #   -r python/requirements/llm/llm-test-requirements.txt
    #   fastapi
    #   openai
huggingface-hub==0.34.3
    # via
    #   tokenizers
    #   transformers
humanize==4.12.1
    # via
    #   -c python/deplocks/llm/ray_test_py311_cu128.lock
    #   -r python/requirements/cloud-requirements.txt
idna==3.7
    # via
    #   -c python/deplocks/llm/ray_test_py311_cu128.lock
    #   anyio
    #   email-validator
    #   httpx
    #   jsonschema
    #   requests
    #   yarl
imageio==2.34.2
    # via
    #   -c python/deplocks/llm/ray_test_py311_cu128.lock
    #   scikit-image
imagesize==1.4.1
    # via sphinx
importlib-metadata==6.11.0
    # via
    #   -c python/deplocks/llm/ray_test_py311_cu128.lock
    #   opentelemetry-api
iniconfig==2.0.0
    # via
    #   -c python/deplocks/llm/ray_test_py311_cu128.lock
    #   pytest
interegular==0.3.3
    # via lm-format-enforcer
ipykernel==6.27.1
    # via
    #   -c python/deplocks/llm/ray_test_py311_cu128.lock
    #   nbclassic
    #   notebook
ipython==8.12.3
    # via
    #   -c python/deplocks/llm/ray_test_py311_cu128.lock
    #   ipykernel
    #   ipywidgets
    #   jupyterlab
ipython-genutils==0.2.0
    # via
    #   -c python/deplocks/llm/ray_test_py311_cu128.lock
    #   nbclassic
    #   notebook
ipywidgets==8.1.3
    # via
    #   -c python/deplocks/llm/ray_test_py311_cu128.lock
    #   -r python/requirements/cloud-requirements.txt
isodate==0.6.1
    # via
    #   -c python/deplocks/llm/ray_test_py311_cu128.lock
    #   azure-storage-blob
isoduration==20.11.0
    # via
    #   -c python/deplocks/llm/ray_test_py311_cu128.lock
    #   jsonschema
jedi==0.19.1
    # via
    #   -c python/deplocks/llm/ray_test_py311_cu128.lock
    #   ipython
jinja2==3.1.6
    # via
    #   -c python/deplocks/llm/ray_test_py311_cu128.lock
    #   fastapi
    #   jupyter-server
    #   jupyterlab
    #   jupyterlab-server
    #   memray
    #   nbclassic
    #   nbconvert
    #   notebook
    #   sphinx
    #   torch
jiter==0.10.0
    # via openai
jmespath==1.0.1
    # via
    #   -c python/deplocks/llm/ray_test_py311_cu128.lock
    #   boto3
    #   botocore
joblib==1.5.2
    # via
    #   librosa
    #   scikit-learn
json5==0.9.14
    # via
    #   -c python/deplocks/llm/ray_test_py311_cu128.lock
    #   jupyterlab-server
jsonpatch==1.32
    # via
    #   -c python/deplocks/llm/ray_test_py311_cu128.lock
    #   -r python/requirements/cloud-requirements.txt
jsonpointer==2.4
    # via
    #   -c python/deplocks/llm/ray_test_py311_cu128.lock
    #   jsonpatch
    #   jsonschema
jsonref==1.1.0
    # via -r python/requirements/llm/llm-requirements.txt
jsonschema==4.23.0
    # via
    #   -c python/deplocks/llm/ray_test_py311_cu128.lock
    #   -r python/requirements/cloud-requirements.txt
    #   -r python/requirements/llm/llm-requirements.txt
    #   -r python/requirements.txt
    #   jupyter-events
    #   jupyterlab-server
    #   mistral-common
    #   nbformat
    #   ray
jsonschema-specifications==2024.10.1
    # via
    #   -c python/deplocks/llm/ray_test_py311_cu128.lock
    #   jsonschema
jupyter-client==7.3.4
    # via
    #   -c python/deplocks/llm/ray_test_py311_cu128.lock
    #   ipykernel
    #   jupyter-server
    #   nbclassic
    #   nbclient
    #   notebook
jupyter-core==5.5.0
    # via
    #   -c python/deplocks/llm/ray_test_py311_cu128.lock
    #   ipykernel
    #   jupyter-client
    #   jupyter-server
    #   jupyterlab
    #   nbclassic
    #   nbconvert
    #   nbformat
    #   notebook
jupyter-events==0.6.3
    # via
    #   -c python/deplocks/llm/ray_test_py311_cu128.lock
    #   jupyter-server-fileid
jupyter-server==1.24.0
    # via
    #   -c python/deplocks/llm/ray_test_py311_cu128.lock
    #   jupyter-server-fileid
    #   jupyterlab
    #   jupyterlab-server
    #   nbclassic
    #   notebook-shim
jupyter-server-fileid==0.9.0
    # via
    #   -c python/deplocks/llm/ray_test_py311_cu128.lock
    #   jupyter-server-ydoc
jupyter-server-ydoc==0.6.1
    # via
    #   -c python/deplocks/llm/ray_test_py311_cu128.lock
    #   jupyterlab
jupyter-ydoc==0.2.5
    # via
    #   -c python/deplocks/llm/ray_test_py311_cu128.lock
    #   jupyter-server-ydoc
    #   jupyterlab
jupyterlab==3.6.1
    # via
    #   -c python/deplocks/llm/ray_test_py311_cu128.lock
    #   -r python/requirements/cloud-requirements.txt
jupyterlab-pygments==0.3.0
    # via
    #   -c python/deplocks/llm/ray_test_py311_cu128.lock
    #   nbconvert
jupyterlab-server==2.24.0
    # via
    #   -c python/deplocks/llm/ray_test_py311_cu128.lock
    #   jupyterlab
jupyterlab-widgets==3.0.11
    # via
    #   -c python/deplocks/llm/ray_test_py311_cu128.lock
    #   ipywidgets
jupytext==1.17.2
    # via -r python/requirements/llm/llm-test-requirements.txt
kombu==5.5.4
    # via
    #   -c python/deplocks/llm/ray_test_py311_cu128.lock
    #   celery
lark==1.2.2
    # via vllm
lazy-loader==0.4
    # via
    #   -c python/deplocks/llm/ray_test_py311_cu128.lock
    #   librosa
    #   scikit-image
librosa==0.11.0
    # via vllm
llguidance==0.7.29 ; platform_machine == 'aarch64' or platform_machine == 'arm64' or platform_machine == 'x86_64'
    # via vllm
llvmlite==0.44.0
    # via numba
lm-format-enforcer==0.11.3
    # via vllm
log-symbols==0.0.14
    # via
    #   -c python/deplocks/llm/ray_test_py311_cu128.lock
    #   halo
lxml==6.0.2
    # via
    #   -c python/deplocks/llm/ray_test_py311_cu128.lock
    #   nbconvert
lz4==4.3.3
    # via
    #   -c python/deplocks/llm/ray_test_py311_cu128.lock
    #   -r python/requirements.txt
markdown-it-py==2.2.0
    # via
    #   -c python/deplocks/llm/ray_test_py311_cu128.lock
    #   jupytext
    #   mdit-py-plugins
    #   rich
markupsafe==2.1.3
    # via
    #   -c python/deplocks/llm/ray_test_py311_cu128.lock
    #   jinja2
    #   nbconvert
matplotlib-inline==0.1.6
    # via
    #   -c python/deplocks/llm/ray_test_py311_cu128.lock
    #   ipykernel
    #   ipython
mdit-py-plugins==0.4.2
    # via jupytext
mdurl==0.1.2
    # via
    #   -c python/deplocks/llm/ray_test_py311_cu128.lock
    #   markdown-it-py
memray==1.10.0 ; sys_platform != 'win32'
    # via
    #   -c python/deplocks/llm/ray_test_py311_cu128.lock
    #   -r python/requirements.txt
meson==1.8.3
    # via -r python/requirements/llm/llm-requirements.txt
mistral-common==1.8.3
    # via vllm
mistune==0.8.4
    # via
    #   -c python/deplocks/llm/ray_test_py311_cu128.lock
    #   nbconvert
mpmath==1.3.0
    # via sympy
msal==1.28.1
    # via
    #   -c python/deplocks/llm/ray_test_py311_cu128.lock
    #   azure-datalake-store
    #   azure-identity
    #   msal-extensions
msal-extensions==1.2.0b1
    # via
    #   -c python/deplocks/llm/ray_test_py311_cu128.lock
    #   azure-identity
msgpack==1.0.7
    # via
    #   -c python/deplocks/llm/ray_test_py311_cu128.lock
    #   -r python/requirements.txt
    #   librosa
    #   ray
msgspec==0.19.0
    # via vllm
multidict==6.0.5
    # via
    #   -c python/deplocks/llm/ray_test_py311_cu128.lock
    #   aiohttp
    #   yarl
nbclassic==1.0.0
    # via
    #   -c python/deplocks/llm/ray_test_py311_cu128.lock
    #   jupyterlab
    #   notebook
nbclient==0.5.13
    # via
    #   -c python/deplocks/llm/ray_test_py311_cu128.lock
    #   nbconvert
nbconvert==6.5.4
    # via
    #   -c python/deplocks/llm/ray_test_py311_cu128.lock
    #   jupyter-server
    #   nbclassic
    #   notebook
nbformat==5.9.2
    # via
    #   -c python/deplocks/llm/ray_test_py311_cu128.lock
    #   jupyter-server
    #   jupytext
    #   nbclassic
    #   nbclient
    #   nbconvert
    #   notebook
nest-asyncio==1.5.8
    # via
    #   -c python/deplocks/llm/ray_test_py311_cu128.lock
    #   ipykernel
    #   jupyter-client
    #   nbclassic
    #   nbclient
    #   notebook
networkx==3.2.1
    # via
    #   -c python/deplocks/llm/ray_test_py311_cu128.lock
    #   scikit-image
    #   torch
ninja==1.11.1.4
    # via
    #   -r python/requirements/llm/llm-requirements.txt
    #   vllm
    #   xgrammar
nixl==0.6.1
    # via -r python/requirements/llm/llm-requirements.txt
notebook==6.5.7
    # via
    #   -c python/deplocks/llm/ray_test_py311_cu128.lock
    #   jupyterlab
notebook-shim==0.2.3
    # via
    #   -c python/deplocks/llm/ray_test_py311_cu128.lock
    #   nbclassic
numba==0.61.2
    # via
    #   librosa
    #   vllm
numpy==1.26.4
    # via
    #   -c python/deplocks/llm/ray_test_py311_cu128.lock
    #   -r python/requirements.txt
    #   cupy-cuda12x
    #   gguf
    #   gymnasium
    #   imageio
    #   librosa
    #   mistral-common
    #   nixl
    #   numba
    #   opencv-python-headless
    #   pandas
    #   scikit-image
    #   scikit-learn
    #   scipy
    #   soundfile
    #   soxr
    #   tensorboardx
    #   tifffile
    #   torchvision
    #   transformers
    #   vllm
    #   xformers
    #   xgrammar
nvidia-cublas-cu12==12.8.4.1 ; platform_machine == 'x86_64' and sys_platform == 'linux'
    # via
    #   nvidia-cudnn-cu12
    #   nvidia-cusolver-cu12
    #   torch
nvidia-cuda-cupti-cu12==12.8.90 ; platform_machine == 'x86_64' and sys_platform == 'linux'
    # via torch
nvidia-cuda-nvrtc-cu12==12.8.93 ; platform_machine == 'x86_64' and sys_platform == 'linux'
    # via torch
nvidia-cuda-runtime-cu12==12.8.90 ; platform_machine == 'x86_64' and sys_platform == 'linux'
    # via torch
nvidia-cudnn-cu12==9.10.2.21 ; platform_machine == 'x86_64' and sys_platform == 'linux'
    # via torch
nvidia-cufft-cu12==11.3.3.83 ; platform_machine == 'x86_64' and sys_platform == 'linux'
    # via torch
nvidia-cufile-cu12==1.13.1.3 ; platform_machine == 'x86_64' and sys_platform == 'linux'
    # via torch
nvidia-curand-cu12==10.3.9.90 ; platform_machine == 'x86_64' and sys_platform == 'linux'
    # via torch
nvidia-cusolver-cu12==11.7.3.90 ; platform_machine == 'x86_64' and sys_platform == 'linux'
    # via torch
nvidia-cusparse-cu12==12.5.8.93 ; platform_machine == 'x86_64' and sys_platform == 'linux'
    # via
    #   nvidia-cusolver-cu12
    #   torch
nvidia-cusparselt-cu12==0.7.1 ; platform_machine == 'x86_64' and sys_platform == 'linux'
    # via torch
nvidia-ml-py==12.575.51
    # via pynvml
nvidia-nccl-cu12==2.27.3 ; platform_machine == 'x86_64' and sys_platform == 'linux'
    # via torch
nvidia-nvjitlink-cu12==12.8.93 ; platform_machine == 'x86_64' and sys_platform == 'linux'
    # via
    #   nvidia-cufft-cu12
    #   nvidia-cusolver-cu12
    #   nvidia-cusparse-cu12
    #   torch
nvidia-nvtx-cu12==12.8.90 ; platform_machine == 'x86_64' and sys_platform == 'linux'
    # via torch
oauth2client==4.1.3
    # via
    #   -c python/deplocks/llm/ray_test_py311_cu128.lock
    #   -r python/requirements/cloud-requirements.txt
openai==1.100.2
    # via vllm
openai-harmony==0.0.4
    # via vllm
opencensus==0.11.4
    # via
    #   -c python/deplocks/llm/ray_test_py311_cu128.lock
    #   -r python/requirements.txt
opencensus-context==0.1.3
    # via
    #   -c python/deplocks/llm/ray_test_py311_cu128.lock
    #   opencensus
opencv-python-headless==4.11.0.86
    # via
    #   mistral-common
    #   vllm
opentelemetry-api==1.34.1
    # via
    #   -c python/deplocks/llm/ray_test_py311_cu128.lock
    #   -r python/requirements.txt
    #   opentelemetry-exporter-prometheus
    #   opentelemetry-sdk
    #   opentelemetry-semantic-conventions
opentelemetry-exporter-prometheus==0.55b1
    # via
    #   -c python/deplocks/llm/ray_test_py311_cu128.lock
    #   -r python/requirements.txt
opentelemetry-proto==1.27.0
    # via
    #   -c python/deplocks/llm/ray_test_py311_cu128.lock
    #   -r python/requirements.txt
opentelemetry-sdk==1.34.1
    # via
    #   -c python/deplocks/llm/ray_test_py311_cu128.lock
    #   -r python/requirements.txt
    #   opentelemetry-exporter-prometheus
opentelemetry-semantic-conventions==0.55b1
    # via
    #   -c python/deplocks/llm/ray_test_py311_cu128.lock
    #   opentelemetry-sdk
outlines-core==0.2.11
    # via vllm
packaging==23.0
    # via
    #   -c python/deplocks/llm/ray_test_py311_cu128.lock
    #   -r python/requirements/cloud-requirements.txt
    #   -r python/requirements.txt
    #   huggingface-hub
    #   ipykernel
    #   jupyter-server
    #   jupyterlab
    #   jupyterlab-server
    #   jupytext
    #   kombu
    #   lazy-loader
    #   lm-format-enforcer
    #   nbconvert
    #   pooch
    #   pytest
    #   ray
    #   scikit-image
    #   sphinx
    #   tensorboardx
    #   transformers
pandas==1.5.3
    # via
    #   -c python/deplocks/llm/ray_test_py311_cu128.lock
    #   -r python/requirements.txt
pandocfilters==1.5.0
    # via
    #   -c python/deplocks/llm/ray_test_py311_cu128.lock
    #   nbconvert
parso==0.8.3
    # via
    #   -c python/deplocks/llm/ray_test_py311_cu128.lock
    #   jedi
partial-json-parser==0.2.1.1.post5
    # via vllm
pathspec==0.11.2
    # via
    #   -c python/deplocks/llm/ray_test_py311_cu128.lock
    #   -r python/requirements/cloud-requirements.txt
pexpect==4.8.0 ; sys_platform != 'win32'
    # via
    #   -c python/deplocks/llm/ray_test_py311_cu128.lock
    #   ipython
pickleshare==0.7.5
    # via
    #   -c python/deplocks/llm/ray_test_py311_cu128.lock
    #   ipython
pillow==10.3.0
    # via
    #   -c python/deplocks/llm/ray_test_py311_cu128.lock
    #   -r python/requirements/llm/llm-test-requirements.txt
    #   imageio
    #   mistral-common
    #   scikit-image
    #   torchvision
    #   vllm
platformdirs==3.11.0
    # via
    #   -c python/deplocks/llm/ray_test_py311_cu128.lock
    #   jupyter-core
    #   pooch
    #   virtualenv
pluggy==1.3.0
    # via
    #   -c python/deplocks/llm/ray_test_py311_cu128.lock
    #   pytest
pooch==1.8.2
    # via librosa
portalocker==2.8.2
    # via
    #   -c python/deplocks/llm/ray_test_py311_cu128.lock
    #   msal-extensions
prometheus-client==0.19.0
    # via
    #   -c python/deplocks/llm/ray_test_py311_cu128.lock
    #   -r python/requirements.txt
    #   jupyter-server
    #   nbclassic
    #   notebook
    #   opentelemetry-exporter-prometheus
    #   prometheus-fastapi-instrumentator
    #   vllm
prometheus-fastapi-instrumentator==7.1.0
    # via vllm
prompt-toolkit==3.0.41
    # via
    #   -c python/deplocks/llm/ray_test_py311_cu128.lock
    #   click-repl
    #   ipython
propcache==0.3.0
    # via
    #   -c python/deplocks/llm/ray_test_py311_cu128.lock
    #   aiohttp
    #   yarl
proto-plus==1.22.3
    # via
    #   -c python/deplocks/llm/ray_test_py311_cu128.lock
    #   google-api-core
protobuf==4.25.8
    # via
    #   -c python/deplocks/llm/ray_test_py311_cu128.lock
    #   -r python/requirements.txt
    #   google-api-core
    #   googleapis-common-protos
    #   grpcio-tools
    #   opentelemetry-proto
    #   proto-plus
    #   ray
    #   tensorboardx
    #   vllm
psutil==5.9.6
    # via
    #   -c python/deplocks/llm/ray_test_py311_cu128.lock
    #   ipykernel
    #   vllm
ptyprocess==0.7.0 ; os_name != 'nt' or sys_platform != 'win32'
    # via
    #   -c python/deplocks/llm/ray_test_py311_cu128.lock
    #   pexpect
    #   terminado
pure-eval==0.2.2
    # via
    #   -c python/deplocks/llm/ray_test_py311_cu128.lock
    #   stack-data
py-cpuinfo==9.0.0
    # via vllm
py-spy==0.4.0 ; python_full_version < '3.12'
    # via
    #   -c python/deplocks/llm/ray_test_py311_cu128.lock
    #   -r python/requirements.txt
pyarrow==19.0.1
    # via
    #   -c python/deplocks/llm/ray_test_py311_cu128.lock
    #   -r python/requirements.txt
pyasn1==0.5.1
    # via
    #   -c python/deplocks/llm/ray_test_py311_cu128.lock
    #   oauth2client
    #   pyasn1-modules
    #   rsa
pyasn1-modules==0.3.0
    # via
    #   -c python/deplocks/llm/ray_test_py311_cu128.lock
    #   google-auth
    #   oauth2client
pybase64==1.4.1
    # via vllm
pybind11==2.13.6
    # via -r python/requirements/llm/llm-requirements.txt
pycountry==24.6.1
    # via pydantic-extra-types
pycparser==2.21
    # via
    #   -c python/deplocks/llm/ray_test_py311_cu128.lock
    #   cffi
pycurl==7.45.3
    # via
    #   -c python/deplocks/llm/ray_test_py311_cu128.lock
    #   -r python/requirements/cloud-requirements.txt
pydantic==2.11.7
    # via
    #   -c python/deplocks/llm/ray_test_py311_cu128.lock
    #   -r python/requirements.txt
    #   compressed-tensors
    #   fastapi
    #   lm-format-enforcer
    #   mistral-common
    #   openai
    #   openai-harmony
    #   pydantic-extra-types
    #   vllm
    #   xgrammar
pydantic-core==2.33.2
    # via
    #   -c python/deplocks/llm/ray_test_py311_cu128.lock
    #   pydantic
pydantic-extra-types==2.10.5
    # via mistral-common
pygments==2.18.0
    # via
    #   -c python/deplocks/llm/ray_test_py311_cu128.lock
    #   ipython
    #   nbconvert
    #   rich
    #   sphinx
pyjwt==2.8.0
    # via
    #   -c python/deplocks/llm/ray_test_py311_cu128.lock
    #   msal
pynvml==12.0.0
    # via -r python/requirements/llm/llm-test-requirements.txt
pyopenssl==25.0.0
    # via
    #   -c python/deplocks/llm/ray_test_py311_cu128.lock
    #   -r python/requirements/cloud-requirements.txt
    #   -r python/requirements.txt
pyparsing==3.1.1
    # via
    #   -c python/deplocks/llm/ray_test_py311_cu128.lock
    #   httplib2
pytest==7.4.4
    # via
    #   -c python/deplocks/llm/ray_test_py311_cu128.lock
    #   -r python/requirements/base-test-requirements.txt
    #   -r python/requirements/llm/llm-test-requirements.txt
    #   pytest-aiohttp
    #   pytest-asyncio
pytest-aiohttp==1.1.0
    # via
    #   -c python/deplocks/llm/ray_test_py311_cu128.lock
    #   -r python/requirements/base-test-requirements.txt
pytest-asyncio==0.17.2
    # via
    #   -c python/deplocks/llm/ray_test_py311_cu128.lock
    #   -r python/requirements/base-test-requirements.txt
    #   pytest-aiohttp
python-dateutil==2.8.2
    # via
    #   -c python/deplocks/llm/ray_test_py311_cu128.lock
    #   -r python/requirements/cloud-requirements.txt
    #   arrow
    #   botocore
    #   celery
    #   jupyter-client
    #   pandas
python-dotenv==1.1.0
    # via uvicorn
python-json-logger==2.0.7
    # via
    #   -c python/deplocks/llm/ray_test_py311_cu128.lock
    #   jupyter-events
    #   vllm
python-multipart==0.0.20
    # via fastapi
pytz==2022.7.1
    # via
    #   -c python/deplocks/llm/ray_test_py311_cu128.lock
    #   pandas
pyyaml==6.0.1
    # via
    #   -c python/deplocks/llm/ray_test_py311_cu128.lock
    #   -r python/requirements/cloud-requirements.txt
    #   -r python/requirements.txt
    #   gguf
    #   huggingface-hub
    #   jupyter-events
    #   jupytext
    #   lm-format-enforcer
    #   ray
    #   transformers
    #   uvicorn
    #   vllm
pyzmq==26.0.3
    # via
    #   -c python/deplocks/llm/ray_test_py311_cu128.lock
    #   ipykernel
    #   jupyter-client
    #   jupyter-server
    #   nbclassic
    #   notebook
    #   vllm
referencing==0.36.2
    # via
    #   -c python/deplocks/llm/ray_test_py311_cu128.lock
    #   jsonschema
    #   jsonschema-specifications
regex==2024.11.6
    # via
    #   tiktoken
    #   transformers
    #   vllm
requests==2.32.3
    # via
    #   -c python/deplocks/llm/ray_test_py311_cu128.lock
    #   -r python/requirements/cloud-requirements.txt
    #   -r python/requirements.txt
    #   azure-core
    #   azure-datalake-store
    #   google-api-core
    #   google-cloud-storage
    #   huggingface-hub
    #   jupyterlab-server
    #   mistral-common
    #   msal
    #   pooch
    #   ray
    #   smart-open
    #   sphinx
    #   tiktoken
    #   transformers
    #   vllm
rfc3339-validator==0.1.4
    # via
    #   -c python/deplocks/llm/ray_test_py311_cu128.lock
    #   jsonschema
    #   jupyter-events
rfc3986-validator==0.1.1
    # via
    #   -c python/deplocks/llm/ray_test_py311_cu128.lock
    #   jsonschema
    #   jupyter-events
rich==13.3.2
    # via
    #   -c python/deplocks/llm/ray_test_py311_cu128.lock
    #   -r python/requirements/cloud-requirements.txt
    #   -r python/requirements.txt
    #   memray
    #   typer
rpds-py==0.22.3
    # via
    #   -c python/deplocks/llm/ray_test_py311_cu128.lock
    #   jsonschema
    #   referencing
rsa==4.7.2
    # via
    #   -c python/deplocks/llm/ray_test_py311_cu128.lock
    #   google-auth
    #   oauth2client
s3transfer==0.8.0
    # via
    #   -c python/deplocks/llm/ray_test_py311_cu128.lock
    #   boto3
safetensors==0.5.3
    # via transformers
scikit-image==0.24.0
    # via
    #   -c python/deplocks/llm/ray_test_py311_cu128.lock
    #   -r python/requirements.txt
scikit-learn==1.7.2
    # via librosa
scipy==1.11.4
    # via
    #   -c python/deplocks/llm/ray_test_py311_cu128.lock
    #   -r python/requirements.txt
    #   librosa
    #   scikit-image
    #   scikit-learn
    #   vllm
send2trash==1.8.3
    # via
    #   -c python/deplocks/llm/ray_test_py311_cu128.lock
    #   jupyter-server
    #   nbclassic
    #   notebook
sentencepiece==0.2.0
    # via
    #   gguf
    #   mistral-common
    #   vllm
setproctitle==1.3.6
    # via vllm
shellingham==1.5.4
    # via
    #   -c python/deplocks/llm/ray_test_py311_cu128.lock
    #   typer
six==1.16.0
    # via
    #   -c python/deplocks/llm/ray_test_py311_cu128.lock
    #   -r python/requirements/cloud-requirements.txt
    #   asttokens
    #   azure-core
    #   bleach
    #   halo
    #   isodate
    #   oauth2client
    #   opencensus
    #   python-dateutil
    #   rfc3339-validator
smart-open==6.2.0
    # via
    #   -c python/deplocks/llm/ray_test_py311_cu128.lock
    #   -r python/requirements/cloud-requirements.txt
    #   -r python/requirements.txt
smmap==5.0.1
    # via
    #   -c python/deplocks/llm/ray_test_py311_cu128.lock
    #   gitdb
sniffio==1.3.1
    # via
    #   -c python/deplocks/llm/ray_test_py311_cu128.lock
    #   anyio
    #   openai
snowballstemmer==3.0.1
    # via sphinx
soundfile==0.13.1
    # via
    #   librosa
    #   mistral-common
    #   vllm
soupsieve==2.5
    # via
    #   -c python/deplocks/llm/ray_test_py311_cu128.lock
    #   beautifulsoup4
soxr==0.5.0.post1
    # via
    #   librosa
    #   mistral-common
sphinx==6.2.1
    # via -r python/requirements/llm/llm-test-requirements.txt
sphinxcontrib-applehelp==2.0.0
    # via sphinx
sphinxcontrib-devhelp==2.0.0
    # via sphinx
sphinxcontrib-htmlhelp==2.1.0
    # via sphinx
sphinxcontrib-jsmath==1.0.1
    # via sphinx
sphinxcontrib-qthelp==2.0.0
    # via sphinx
sphinxcontrib-serializinghtml==2.0.0
    # via sphinx
spinners==0.0.24
    # via
    #   -c python/deplocks/llm/ray_test_py311_cu128.lock
    #   halo
stack-data==0.6.3
    # via
    #   -c python/deplocks/llm/ray_test_py311_cu128.lock
    #   ipython
starlette==0.46.2
    # via
    #   -c python/deplocks/llm/ray_test_py311_cu128.lock
    #   -r python/requirements.txt
    #   fastapi
    #   prometheus-fastapi-instrumentator
sympy==1.14.0
    # via torch
tabulate==0.9.0
    # via
    #   -c python/deplocks/llm/ray_test_py311_cu128.lock
    #   -r python/requirements/cloud-requirements.txt
tensorboardx==2.6.2.2
    # via
    #   -c python/deplocks/llm/ray_test_py311_cu128.lock
    #   -r python/requirements.txt
termcolor==2.4.0
    # via
    #   -c python/deplocks/llm/ray_test_py311_cu128.lock
    #   halo
terminado==0.18.1
    # via
    #   -c python/deplocks/llm/ray_test_py311_cu128.lock
    #   jupyter-server
    #   nbclassic
    #   notebook
threadpoolctl==3.6.0
    # via scikit-learn
tifffile==2024.7.21
    # via
    #   -c python/deplocks/llm/ray_test_py311_cu128.lock
    #   scikit-image
tiktoken==0.9.0
    # via
    #   mistral-common
    #   vllm
tinycss2==1.3.0
    # via
    #   -c python/deplocks/llm/ray_test_py311_cu128.lock
    #   nbconvert
tokenizers==0.21.1
    # via
    #   transformers
    #   vllm
torch==2.8.0+cu128
    # via
    #   compressed-tensors
    #   nixl
    #   torchaudio
    #   torchvision
    #   vllm
    #   xformers
    #   xgrammar
torchaudio==2.8.0+cu128
    # via vllm
torchvision==0.23.0+cu128
    # via vllm
tornado==6.1
    # via
    #   -c python/deplocks/llm/ray_test_py311_cu128.lock
    #   ipykernel
    #   jupyter-client
    #   jupyter-server
    #   jupyterlab
    #   nbclassic
    #   notebook
    #   terminado
tqdm==4.67.1
    # via
    #   -c python/deplocks/llm/ray_test_py311_cu128.lock
    #   -r python/requirements/cloud-requirements.txt
    #   gguf
    #   huggingface-hub
    #   openai
    #   transformers
    #   vllm
traitlets==5.14.3
    # via
    #   -c python/deplocks/llm/ray_test_py311_cu128.lock
    #   comm
    #   ipykernel
    #   ipython
    #   ipywidgets
    #   jupyter-client
    #   jupyter-core
    #   jupyter-events
    #   jupyter-server
    #   matplotlib-inline
    #   nbclassic
    #   nbclient
    #   nbconvert
    #   nbformat
    #   notebook
transformers==4.55.2
    # via
    #   compressed-tensors
    #   vllm
    #   xgrammar
triton==3.4.0 ; platform_machine == 'x86_64' and sys_platform == 'linux'
    # via
    #   torch
    #   xgrammar
typer==0.12.3
    # via
    #   -c python/deplocks/llm/ray_test_py311_cu128.lock
    #   -r python/requirements/llm/llm-requirements.txt
    #   -r python/requirements.txt
    #   fastapi-cli
types-python-dateutil==2.9.0.20240316
    # via
    #   -c python/deplocks/llm/ray_test_py311_cu128.lock
    #   arrow
typing-extensions==4.12.2
    # via
    #   -c python/deplocks/llm/ray_test_py311_cu128.lock
    #   azure-core
    #   azure-identity
    #   azure-storage-blob
    #   fastapi
    #   gymnasium
    #   huggingface-hub
    #   librosa
    #   mistral-common
    #   openai
    #   opentelemetry-api
    #   opentelemetry-sdk
    #   opentelemetry-semantic-conventions
    #   pydantic
    #   pydantic-core
    #   pydantic-extra-types
    #   pyopenssl
    #   referencing
    #   torch
    #   typer
    #   typing-inspection
    #   vllm
    #   xgrammar
typing-inspection==0.4.1
    # via
    #   -c python/deplocks/llm/ray_test_py311_cu128.lock
    #   pydantic
tzdata==2025.2
    # via
    #   -c python/deplocks/llm/ray_test_py311_cu128.lock
    #   kombu
tzlocal==5.3
    # via
    #   -c python/deplocks/llm/ray_test_py311_cu128.lock
    #   -r python/requirements/cloud-requirements.txt
uri-template==1.3.0
    # via
    #   -c python/deplocks/llm/ray_test_py311_cu128.lock
    #   jsonschema
urllib3==1.26.19
    # via
    #   -c python/deplocks/llm/ray_test_py311_cu128.lock
    #   -r python/requirements/cloud-requirements.txt
    #   botocore
    #   requests
uvicorn==0.22.0
    # via
    #   -c python/deplocks/llm/ray_test_py311_cu128.lock
    #   -r python/requirements.txt
    #   fastapi
    #   fastapi-cli
uvloop==0.21.0 ; platform_python_implementation != 'PyPy' and sys_platform != 'cygwin' and sys_platform != 'win32'
    # via uvicorn
vine==5.1.0
    # via
    #   -c python/deplocks/llm/ray_test_py311_cu128.lock
    #   amqp
    #   celery
    #   kombu
virtualenv==20.29.1
    # via
    #   -c python/deplocks/llm/ray_test_py311_cu128.lock
    #   -r python/requirements.txt
vllm==0.11.0
    # via -r python/requirements/llm/llm-requirements.txt
watchfiles==0.19.0
    # via
    #   -c python/deplocks/llm/ray_test_py311_cu128.lock
    #   -r python/requirements.txt
    #   uvicorn
    #   vllm
wcwidth==0.2.13
    # via
    #   -c python/deplocks/llm/ray_test_py311_cu128.lock
    #   prompt-toolkit
webcolors==24.6.0
    # via
    #   -c python/deplocks/llm/ray_test_py311_cu128.lock
    #   jsonschema
webencodings==0.5.1
    # via
    #   -c python/deplocks/llm/ray_test_py311_cu128.lock
    #   bleach
    #   tinycss2
websocket-client==1.8.0
    # via
    #   -c python/deplocks/llm/ray_test_py311_cu128.lock
    #   jupyter-server
websockets==15.0.1
    # via uvicorn
widgetsnbextension==4.0.11
    # via
    #   -c python/deplocks/llm/ray_test_py311_cu128.lock
    #   ipywidgets
wrapt==1.14.1
    # via
    #   -c python/deplocks/llm/ray_test_py311_cu128.lock
    #   -r python/requirements/cloud-requirements.txt
xformers==0.0.32.post1 ; platform_machine == 'x86_64' and sys_platform == 'linux'
    # via vllm
xgrammar==0.1.25 ; platform_machine == 'aarch64' or platform_machine == 'arm64' or platform_machine == 'x86_64'
    # via vllm
y-py==0.6.2
    # via
    #   -c python/deplocks/llm/ray_test_py311_cu128.lock
    #   jupyter-ydoc
    #   ypy-websocket
yarl==1.18.3
    # via
    #   -c python/deplocks/llm/ray_test_py311_cu128.lock
    #   aiohttp
ypy-websocket==0.8.4
    # via
    #   -c python/deplocks/llm/ray_test_py311_cu128.lock
    #   jupyter-server-ydoc
zipp==3.19.2
    # via
    #   -c python/deplocks/llm/ray_test_py311_cu128.lock
    #   importlib-metadata

# The following packages were excluded from the output:
# setuptools
# ray
# setuptools
