# This file was autogenerated by uv via the following command:
#    uv pip compile --index-url https://pypi.org/simple --index-strategy unsafe-best-match --no-strip-markers --emit-index-url --emit-find-links --unsafe-package setuptools --python-version=3.10 --python-platform=linux --unsafe-package ray --unsafe-package setuptools doc/requirements-doc.txt -o python/deplocks/docs/docbuild_depset_py3.10.lock
--index-url https://pypi.org/simple

accessible-pygments==0.0.5
    # via pydata-sphinx-theme
alabaster==0.7.16
    # via sphinx
annotated-types==0.7.0
    # via pydantic
anyio==4.11.0
    # via
    #   starlette
    #   watchfiles
appnope==0.1.4
    # via -r doc/requirements-doc.txt
asttokens==3.0.0
    # via stack-data
attrs==25.4.0
    # via
    #   jsonschema
    #   jupyter-cache
    #   referencing
autodoc-pydantic==2.2.0
    # via -r doc/requirements-doc.txt
babel==2.17.0
    # via
    #   pydata-sphinx-theme
    #   sphinx
beautifulsoup4==4.14.2
    # via pydata-sphinx-theme
boto3==1.34.69
    # via -r doc/requirements-doc.txt
botocore==1.34.162
    # via
    #   boto3
    #   s3transfer
certifi==2025.10.5
    # via requests
charset-normalizer==3.4.4
    # via requests
click==8.1.7
    # via
    #   -r doc/requirements-doc.txt
    #   jupyter-cache
    #   sphinx-click
    #   uvicorn
colorama==0.4.6
    # via sphinx-autobuild
comm==0.2.3
    # via ipykernel
debugpy==1.8.17
    # via ipykernel
decorator==5.2.1
    # via ipython
docutils==0.20.1
    # via
    #   myst-parser
    #   pydata-sphinx-theme
    #   sphinx
    #   sphinx-click
    #   sphinx-jsonschema
exceptiongroup==1.3.0 ; python_full_version < '3.11'
    # via
    #   anyio
    #   ipython
executing==2.2.1
    # via stack-data
fastjsonschema==2.21.2
    # via nbformat
greenlet==3.2.4 ; platform_machine == 'AMD64' or platform_machine == 'WIN32' or platform_machine == 'aarch64' or platform_machine == 'amd64' or platform_machine == 'ppc64le' or platform_machine == 'win32' or platform_machine == 'x86_64'
    # via sqlalchemy
h11==0.16.0
    # via uvicorn
idna==3.11
    # via
    #   anyio
    #   requests
imagesize==1.4.1
    # via sphinx
importlib-metadata==8.7.0
    # via
    #   jupyter-cache
    #   myst-nb
ipykernel==7.0.1
    # via myst-nb
ipython==8.37.0
    # via
    #   ipykernel
    #   myst-nb
jedi==0.19.2
    # via ipython
jinja2==3.1.6
    # via
    #   myst-parser
    #   sphinx
    #   sphinxcontrib-redoc
jmespath==1.0.1
    # via
    #   boto3
    #   botocore
jsonpointer==3.0.0
    # via sphinx-jsonschema
jsonschema==4.25.1
    # via
    #   nbformat
    #   sphinxcontrib-redoc
jsonschema-specifications==2025.9.1
    # via jsonschema
jupyter-cache==0.6.1
    # via myst-nb
jupyter-client==8.6.3
    # via
    #   ipykernel
    #   nbclient
jupyter-core==5.9.1
    # via
    #   ipykernel
    #   jupyter-client
    #   nbclient
    #   nbformat
jupytext==1.15.2
    # via -r doc/requirements-doc.txt
markdown-it-py==3.0.0
    # via
    #   jupytext
    #   mdit-py-plugins
    #   myst-parser
markupsafe==3.0.3
    # via jinja2
matplotlib-inline==0.1.7
    # via
    #   ipykernel
    #   ipython
mdit-py-plugins==0.5.0
    # via
    #   jupytext
    #   myst-parser
mdurl==0.1.2
    # via markdown-it-py
myst-nb==1.0.0rc0
    # via -r doc/requirements-doc.txt
myst-parser==2.0.0
    # via
    #   -r doc/requirements-doc.txt
    #   myst-nb
nbclient==0.7.4
    # via
    #   jupyter-cache
    #   myst-nb
nbformat==5.10.4
    # via
    #   jupyter-cache
    #   jupytext
    #   myst-nb
    #   nbclient
nest-asyncio==1.6.0
    # via ipykernel
packaging==25.0
    # via
    #   ipykernel
    #   pydata-sphinx-theme
    #   sphinx
parso==0.8.5
    # via jedi
pexpect==4.9.0 ; sys_platform != 'emscripten' and sys_platform != 'win32'
    # via ipython
platformdirs==4.5.0
    # via jupyter-core
prompt-toolkit==3.0.52
    # via ipython
psutil==7.1.0
    # via ipykernel
ptyprocess==0.7.0 ; sys_platform != 'emscripten' and sys_platform != 'win32'
    # via pexpect
pure-eval==0.2.3
    # via stack-data
pydantic==2.5.0
    # via
    #   -r doc/requirements-doc.txt
    #   autodoc-pydantic
    #   pydantic-settings
pydantic-core==2.14.1
    # via pydantic
pydantic-settings==2.2.1
    # via autodoc-pydantic
pydata-sphinx-theme==0.14.1
    # via -r doc/requirements-doc.txt
pygments==2.16.1
    # via
    #   -r doc/requirements-doc.txt
    #   accessible-pygments
    #   ipython
    #   pydata-sphinx-theme
    #   sphinx
python-dateutil==2.9.0.post0
    # via
    #   botocore
    #   jupyter-client
python-dotenv==1.1.1
    # via pydantic-settings
pyyaml==6.0.3
    # via
    #   jupyter-cache
    #   jupytext
    #   myst-nb
    #   myst-parser
    #   sphinx-jsonschema
    #   sphinxcontrib-redoc
pyzmq==27.1.0
    # via
    #   ipykernel
    #   jupyter-client
referencing==0.37.0
    # via
    #   jsonschema
    #   jsonschema-specifications
requests==2.32.3
    # via
    #   -r doc/requirements-doc.txt
    #   sphinx
    #   sphinx-jsonschema
rpds-py==0.27.1
    # via
    #   jsonschema
    #   referencing
s3transfer==0.10.4
    # via boto3
six==1.17.0
    # via
    #   python-dateutil
    #   sphinxcontrib-redoc
sniffio==1.3.1
    # via anyio
snowballstemmer==3.0.1
    # via sphinx
soupsieve==2.8
    # via beautifulsoup4
sphinx==7.3.7
    # via
    #   -r doc/requirements-doc.txt
    #   autodoc-pydantic
    #   myst-nb
    #   myst-parser
    #   pydata-sphinx-theme
    #   sphinx-autobuild
    #   sphinx-click
    #   sphinx-copybutton
    #   sphinx-design
    #   sphinx-docsearch
    #   sphinx-remove-toctrees
    #   sphinx-sitemap
    #   sphinxcontrib-redoc
    #   sphinxemoji
sphinx-autobuild==2024.4.16
    # via -r doc/requirements-doc.txt
sphinx-click==5.1.0
    # via -r doc/requirements-doc.txt
sphinx-copybutton==0.5.2
    # via -r doc/requirements-doc.txt
sphinx-design==0.5.0
    # via -r doc/requirements-doc.txt
sphinx-docsearch==0.0.7
    # via -r doc/requirements-doc.txt
sphinx-jsonschema==1.19.1
    # via -r doc/requirements-doc.txt
sphinx-remove-toctrees==0.0.3
    # via -r doc/requirements-doc.txt
sphinx-sitemap==2.5.1
    # via -r doc/requirements-doc.txt
sphinxcontrib-applehelp==2.0.0
    # via sphinx
sphinxcontrib-devhelp==2.0.0
    # via sphinx
sphinxcontrib-htmlhelp==2.1.0
    # via sphinx
sphinxcontrib-jsmath==1.0.1
    # via sphinx
sphinxcontrib-qthelp==2.0.0
    # via sphinx
sphinxcontrib-redoc==1.6.0
    # via -r doc/requirements-doc.txt
sphinxcontrib-serializinghtml==2.0.0
    # via sphinx
sphinxemoji==0.2.0
    # via -r doc/requirements-doc.txt
sqlalchemy==2.0.44
    # via jupyter-cache
stack-data==0.6.3
    # via ipython
starlette==0.48.0
    # via sphinx-autobuild
tabulate==0.9.0
    # via jupyter-cache
toml==0.10.2
    # via jupytext
tomli==2.3.0 ; python_full_version < '3.11'
    # via sphinx
tornado==6.5.2
    # via
    #   ipykernel
    #   jupyter-client
traitlets==5.14.3
    # via
    #   ipykernel
    #   ipython
    #   jupyter-client
    #   jupyter-core
    #   matplotlib-inline
    #   nbclient
    #   nbformat
typing-extensions==4.15.0
    # via
    #   anyio
    #   beautifulsoup4
    #   exceptiongroup
    #   ipython
    #   myst-nb
    #   pydantic
    #   pydantic-core
    #   pydata-sphinx-theme
    #   referencing
    #   sqlalchemy
    #   starlette
    #   uvicorn
urllib3==1.26.20
    # via
    #   -r doc/requirements-doc.txt
    #   botocore
    #   requests
uvicorn==0.37.0
    # via sphinx-autobuild
watchfiles==1.1.1
    # via sphinx-autobuild
wcwidth==0.2.14
    # via prompt-toolkit
websockets==15.0.1
    # via sphinx-autobuild
zipp==3.23.0
    # via importlib-metadata

# The following packages were excluded from the output:
# setuptools
# setuptools
