# This file was autogenerated by uv via the following command:
#    uv pip compile --generate-hashes --strip-extras --unsafe-package setuptools --index-url https://pypi.org/simple --index-strategy unsafe-best-match --no-strip-markers --emit-index-url --emit-find-links --python-version=3.11 --extra-index-url https://download.pytorch.org/whl/gpu bazel-ray/doc/source/train/examples/pytorch/distributing-pytorch/requirements.in -o release/ray_release/byod/distributing_pytorch_py311_gpu.lock
--index-url https://pypi.org/simple
--extra-index-url https://download.pytorch.org/whl/gpu

filelock==3.19.1 \
    --hash=sha256:66eda1888b0171c998b35be2bcc0f6d75c388a7ce20c3f3f37aa8e96c2dddf58 \
    --hash=sha256:d38e30481def20772f5baf097c122c3babc4fcdb7e14e57049eb9d88c6dc017d
    # via
    #   torch
    #   triton
fsspec==2025.9.0 \
    --hash=sha256:19fd429483d25d28b65ec68f9f4adc16c17ea2c7c7bf54ec61360d478fb19c19 \
    --hash=sha256:530dc2a2af60a414a832059574df4a6e10cce927f6f4a78209390fe38955cfb7
    # via torch
jinja2==3.1.6 \
    --hash=sha256:0137fb05990d35f1275a587e9aee6d56da821fc83491a0fb838183be43f66d6d \
    --hash=sha256:85ece4451f492d0c13c5dd7c13a64681a86afae63a5f347908daf103ce6d2f67
    # via torch
markupsafe==3.0.2 \
    --hash=sha256:0bff5e0ae4ef2e1ae4fdf2dfd5b76c75e5c2fa4132d05fc1b0dabcd20c7e28c4 \
    --hash=sha256:0f4ca02bea9a23221c0182836703cbf8930c5e9454bacce27e767509fa286a30 \
    --hash=sha256:1225beacc926f536dc82e45f8a4d68502949dc67eea90eab715dea3a21c1b5f0 \
    --hash=sha256:131a3c7689c85f5ad20f9f6fb1b866f402c445b220c19fe4308c0b147ccd2ad9 \
    --hash=sha256:15ab75ef81add55874e7ab7055e9c397312385bd9ced94920f2802310c930396 \
    --hash=sha256:1a9d3f5f0901fdec14d8d2f66ef7d035f2157240a433441719ac9a3fba440b13 \
    --hash=sha256:1c99d261bd2d5f6b59325c92c73df481e05e57f19837bdca8413b9eac4bd8028 \
    --hash=sha256:1e084f686b92e5b83186b07e8a17fc09e38fff551f3602b249881fec658d3eca \
    --hash=sha256:2181e67807fc2fa785d0592dc2d6206c019b9502410671cc905d132a92866557 \
    --hash=sha256:2cb8438c3cbb25e220c2ab33bb226559e7afb3baec11c4f218ffa7308603c832 \
    --hash=sha256:3169b1eefae027567d1ce6ee7cae382c57fe26e82775f460f0b2778beaad66c0 \
    --hash=sha256:3809ede931876f5b2ec92eef964286840ed3540dadf803dd570c3b7e13141a3b \
    --hash=sha256:38a9ef736c01fccdd6600705b09dc574584b89bea478200c5fbf112a6b0d5579 \
    --hash=sha256:3d79d162e7be8f996986c064d1c7c817f6df3a77fe3d6859f6f9e7be4b8c213a \
    --hash=sha256:444dcda765c8a838eaae23112db52f1efaf750daddb2d9ca300bcae1039adc5c \
    --hash=sha256:48032821bbdf20f5799ff537c7ac3d1fba0ba032cfc06194faffa8cda8b560ff \
    --hash=sha256:4aa4e5faecf353ed117801a068ebab7b7e09ffb6e1d5e412dc852e0da018126c \
    --hash=sha256:52305740fe773d09cffb16f8ed0427942901f00adedac82ec8b67752f58a1b22 \
    --hash=sha256:569511d3b58c8791ab4c2e1285575265991e6d8f8700c7be0e88f86cb0672094 \
    --hash=sha256:57cb5a3cf367aeb1d316576250f65edec5bb3be939e9247ae594b4bcbc317dfb \
    --hash=sha256:5b02fb34468b6aaa40dfc198d813a641e3a63b98c2b05a16b9f80b7ec314185e \
    --hash=sha256:6381026f158fdb7c72a168278597a5e3a5222e83ea18f543112b2662a9b699c5 \
    --hash=sha256:6af100e168aa82a50e186c82875a5893c5597a0c1ccdb0d8b40240b1f28b969a \
    --hash=sha256:6c89876f41da747c8d3677a2b540fb32ef5715f97b66eeb0c6b66f5e3ef6f59d \
    --hash=sha256:6e296a513ca3d94054c2c881cc913116e90fd030ad1c656b3869762b754f5f8a \
    --hash=sha256:70a87b411535ccad5ef2f1df5136506a10775d267e197e4cf531ced10537bd6b \
    --hash=sha256:7e94c425039cde14257288fd61dcfb01963e658efbc0ff54f5306b06054700f8 \
    --hash=sha256:846ade7b71e3536c4e56b386c2a47adf5741d2d8b94ec9dc3e92e5e1ee1e2225 \
    --hash=sha256:88416bd1e65dcea10bc7569faacb2c20ce071dd1f87539ca2ab364bf6231393c \
    --hash=sha256:88b49a3b9ff31e19998750c38e030fc7bb937398b1f78cfa599aaef92d693144 \
    --hash=sha256:8c4e8c3ce11e1f92f6536ff07154f9d49677ebaaafc32db9db4620bc11ed480f \
    --hash=sha256:8e06879fc22a25ca47312fbe7c8264eb0b662f6db27cb2d3bbbc74b1df4b9b87 \
    --hash=sha256:9025b4018f3a1314059769c7bf15441064b2207cb3f065e6ea1e7359cb46db9d \
    --hash=sha256:93335ca3812df2f366e80509ae119189886b0f3c2b81325d39efdb84a1e2ae93 \
    --hash=sha256:9778bd8ab0a994ebf6f84c2b949e65736d5575320a17ae8984a77fab08db94cf \
    --hash=sha256:9e2d922824181480953426608b81967de705c3cef4d1af983af849d7bd619158 \
    --hash=sha256:a123e330ef0853c6e822384873bef7507557d8e4a082961e1defa947aa59ba84 \
    --hash=sha256:a904af0a6162c73e3edcb969eeeb53a63ceeb5d8cf642fade7d39e7963a22ddb \
    --hash=sha256:ad10d3ded218f1039f11a75f8091880239651b52e9bb592ca27de44eed242a48 \
    --hash=sha256:b424c77b206d63d500bcb69fa55ed8d0e6a3774056bdc4839fc9298a7edca171 \
    --hash=sha256:b5a6b3ada725cea8a5e634536b1b01c30bcdcd7f9c6fff4151548d5bf6b3a36c \
    --hash=sha256:ba8062ed2cf21c07a9e295d5b8a2a5ce678b913b45fdf68c32d95d6c1291e0b6 \
    --hash=sha256:ba9527cdd4c926ed0760bc301f6728ef34d841f405abf9d4f959c478421e4efd \
    --hash=sha256:bbcb445fa71794da8f178f0f6d66789a28d7319071af7a496d4d507ed566270d \
    --hash=sha256:bcf3e58998965654fdaff38e58584d8937aa3096ab5354d493c77d1fdd66d7a1 \
    --hash=sha256:c0ef13eaeee5b615fb07c9a7dadb38eac06a0608b41570d8ade51c56539e509d \
    --hash=sha256:cabc348d87e913db6ab4aa100f01b08f481097838bdddf7c7a84b7575b7309ca \
    --hash=sha256:cdb82a876c47801bb54a690c5ae105a46b392ac6099881cdfb9f6e95e4014c6a \
    --hash=sha256:cfad01eed2c2e0c01fd0ecd2ef42c492f7f93902e39a42fc9ee1692961443a29 \
    --hash=sha256:d16a81a06776313e817c951135cf7340a3e91e8c1ff2fac444cfd75fffa04afe \
    --hash=sha256:d8213e09c917a951de9d09ecee036d5c7d36cb6cb7dbaece4c71a60d79fb9798 \
    --hash=sha256:e07c3764494e3776c602c1e78e298937c3315ccc9043ead7e685b7f2b8d47b3c \
    --hash=sha256:e17c96c14e19278594aa4841ec148115f9c7615a47382ecb6b82bd8fea3ab0c8 \
    --hash=sha256:e444a31f8db13eb18ada366ab3cf45fd4b31e4db1236a4448f68778c1d1a5a2f \
    --hash=sha256:e6a2a455bd412959b57a172ce6328d2dd1f01cb2135efda2e4576e8a23fa3b0f \
    --hash=sha256:eaa0a10b7f72326f1372a713e73c3f739b524b3af41feb43e4921cb529f5929a \
    --hash=sha256:eb7972a85c54febfb25b5c4b4f3af4dcc731994c7da0d8a0b4a6eb0640e1d178 \
    --hash=sha256:ee55d3edf80167e48ea11a923c7386f4669df67d7994554387f84e7d8b0a2bf0 \
    --hash=sha256:f3818cb119498c0678015754eba762e0d61e5b52d34c8b13d770f0719f7b1d79 \
    --hash=sha256:f8b3d067f2e40fe93e1ccdd6b2e1d16c43140e76f02fb1319a05cf2b79d99430 \
    --hash=sha256:fcabf5ff6eea076f859677f5f0b6b5c1a51e70a376b0579e0eadef8db48c6b50
    # via jinja2
mpmath==1.3.0 \
    --hash=sha256:7a28eb2a9774d00c7bc92411c19a89209d5da7c4c9a9e227be8330a23a25b91f \
    --hash=sha256:a0b2b9fe80bbcd81a6647ff13108738cfb482d481d826cc0e02f5b35e5c88d2c
    # via sympy
networkx==3.5 \
    --hash=sha256:0030d386a9a06dee3565298b4a734b68589749a544acbb6c412dc9e2489ec6ec \
    --hash=sha256:d4c6f9cf81f52d69230866796b82afbccdec3db7ae4fbd1b65ea750feed50037
    # via torch
numpy==2.3.3 \
    --hash=sha256:067e3d7159a5d8f8a0b46ee11148fc35ca9b21f61e3c49fbd0a027450e65a33b \
    --hash=sha256:0edd58682a399824633b66885d699d7de982800053acf20be1eaa46d92009c54 \
    --hash=sha256:0ffc4f5caba7dfcbe944ed674b7eef683c7e94874046454bb79ed7ee0236f59d \
    --hash=sha256:1250c5d3d2562ec4174bce2e3a1523041595f9b651065e4a4473f5f48a6bc8a5 \
    --hash=sha256:179a42101b845a816d464b6fe9a845dfaf308fdfc7925387195570789bb2c970 \
    --hash=sha256:1c02d0629d25d426585fb2e45a66154081b9fa677bc92a881ff1d216bc9919a8 \
    --hash=sha256:1e02c7159791cd481e1e6d5ddd766b62a4d5acf8df4d4d1afe35ee9c5c33a41e \
    --hash=sha256:2990adf06d1ecee3b3dcbb4977dfab6e9f09807598d647f04d385d29e7a3c3d3 \
    --hash=sha256:2e267c7da5bf7309670523896df97f93f6e469fb931161f483cd6882b3b1a5dc \
    --hash=sha256:367ad5d8fbec5d9296d18478804a530f1191e24ab4d75ab408346ae88045d25e \
    --hash=sha256:396b254daeb0a57b1fe0ecb5e3cff6fa79a380fa97c8f7781a6d08cd429418fe \
    --hash=sha256:3c7cf302ac6e0b76a64c4aecf1a09e51abd9b01fc7feee80f6c43e3ab1b1dbc5 \
    --hash=sha256:40051003e03db4041aa325da2a0971ba41cf65714e65d296397cc0e32de6018b \
    --hash=sha256:414a97499480067d305fcac9716c29cf4d0d76db6ebf0bf3cbce666677f12652 \
    --hash=sha256:433bf137e338677cebdd5beac0199ac84712ad9d630b74eceeb759eaa45ddf30 \
    --hash=sha256:4384a169c4d8f97195980815d6fcad04933a7e1ab3b530921c3fef7a1c63426d \
    --hash=sha256:497d7cad08e7092dba36e3d296fe4c97708c93daf26643a1ae4b03f6294d30eb \
    --hash=sha256:50a5fe69f135f88a2be9b6ca0481a68a136f6febe1916e4920e12f1a34e708a7 \
    --hash=sha256:533ca5f6d325c80b6007d4d7fb1984c303553534191024ec6a524a4c92a5935a \
    --hash=sha256:5534ed6b92f9b7dca6c0a19d6df12d41c68b991cef051d108f6dbff3babc4ebf \
    --hash=sha256:5b83648633d46f77039c29078751f80da65aa64d5622a3cd62aaef9d835b6c93 \
    --hash=sha256:691808c2b26b0f002a032c73255d0bd89751425f379f7bcd22d140db593a96e8 \
    --hash=sha256:6ee9086235dd6ab7ae75aba5662f582a81ced49f0f1c6de4260a78d8f2d91a19 \
    --hash=sha256:74c2a948d02f88c11a3c075d9733f1ae67d97c6bdb97f2bb542f980458b257e7 \
    --hash=sha256:75370986cc0bc66f4ce5110ad35aae6d182cc4ce6433c40ad151f53690130bf1 \
    --hash=sha256:78c9f6560dc7e6b3990e32df7ea1a50bbd0e2a111e05209963f5ddcab7073b0b \
    --hash=sha256:7af05ed4dc19f308e1d9fc759f36f21921eb7bbfc82843eeec6b2a2863a0aefa \
    --hash=sha256:7f025652034199c301049296b59fa7d52c7e625017cae4c75d8662e377bf487d \
    --hash=sha256:823d04112bc85ef5c4fda73ba24e6096c8f869931405a80aa8b0e604510a26bc \
    --hash=sha256:8596ba2f8af5f93b01d97563832686d20206d303024777f6dfc2e7c7c3f1850e \
    --hash=sha256:8e9aced64054739037d42fb84c54dd38b81ee238816c948c8f3ed134665dcd86 \
    --hash=sha256:8f6ac61a217437946a1fa48d24c47c91a0c4f725237871117dea264982128097 \
    --hash=sha256:901bf6123879b7f251d3631967fd574690734236075082078e0571977c6a8e6a \
    --hash=sha256:93d4962d8f82af58f0b2eb85daaf1b3ca23fe0a85d0be8f1f2b7bb46034e56d7 \
    --hash=sha256:94fcaa68757c3e2e668ddadeaa86ab05499a70725811e582b6a9858dd472fb30 \
    --hash=sha256:952cfd0748514ea7c3afc729a0fc639e61655ce4c55ab9acfab14bda4f402b4c \
    --hash=sha256:9591e1221db3f37751e6442850429b3aabf7026d3b05542d102944ca7f00c8a8 \
    --hash=sha256:99683cbe0658f8271b333a1b1b4bb3173750ad59c0c61f5bbdc5b318918fffe3 \
    --hash=sha256:9ad12e976ca7b10f1774b03615a2a4bab8addce37ecc77394d8e986927dc0dfe \
    --hash=sha256:9cc48e09feb11e1db00b320e9d30a4151f7369afb96bd0e48d942d09da3a0d00 \
    --hash=sha256:9dc13c6a5829610cc07422bc74d3ac083bd8323f14e2827d992f9e52e22cd6a6 \
    --hash=sha256:9e318ee0596d76d4cb3d78535dc005fa60e5ea348cd131a51e99d0bdbe0b54fe \
    --hash=sha256:a333b4ed33d8dc2b373cc955ca57babc00cd6f9009991d9edc5ddbc1bac36bcd \
    --hash=sha256:afd07d377f478344ec6ca2b8d4ca08ae8bd44706763d1efb56397de606393f48 \
    --hash=sha256:b001bae8cea1c7dfdb2ae2b017ed0a6f2102d7a70059df1e338e307a4c78a8ae \
    --hash=sha256:b37a0b2e5935409daebe82c1e42274d30d9dd355852529eab91dab8dcca7419f \
    --hash=sha256:b912f2ed2b67a129e6a601e9d93d4fa37bef67e54cac442a2f588a54afe5c67a \
    --hash=sha256:bc92a5dedcc53857249ca51ef29f5e5f2f8c513e22cfb90faeb20343b8c6f7a6 \
    --hash=sha256:ca0309a18d4dfea6fc6262a66d06c26cfe4640c3926ceec90e57791a82b6eee5 \
    --hash=sha256:cb248499b0bc3be66ebd6578b83e5acacf1d6cb2a77f2248ce0e40fbec5a76d0 \
    --hash=sha256:cb32e3cf0f762aee47ad1ddc6672988f7f27045b0783c887190545baba73aa25 \
    --hash=sha256:cd052f1fa6a78dee696b58a914b7229ecfa41f0a6d96dc663c1220a55e137593 \
    --hash=sha256:cd4260f64bc794c3390a63bf0728220dd1a68170c169088a1e0dfa2fde1be12f \
    --hash=sha256:cd7de500a5b66319db419dc3c345244404a164beae0d0937283b907d8152e6ea \
    --hash=sha256:ce020080e4a52426202bdb6f7691c65bb55e49f261f31a8f506c9f6bc7450421 \
    --hash=sha256:cfdd09f9c84a1a934cde1eec2267f0a43a7cd44b2cca4ff95b7c0d14d144b0bf \
    --hash=sha256:d00de139a3324e26ed5b95870ce63be7ec7352171bc69a4cf1f157a48e3eb6b7 \
    --hash=sha256:d79715d95f1894771eb4e60fb23f065663b2298f7d22945d66877aadf33d00c7 \
    --hash=sha256:d8f3b1080782469fdc1718c4ed1d22549b5fb12af0d57d35e992158a772a37cf \
    --hash=sha256:d9192da52b9745f7f0766531dcfa978b7763916f158bb63bdb8a1eca0068ab20 \
    --hash=sha256:d9d537a39cc9de668e5cd0e25affb17aec17b577c6b3ae8a3d866b479fbe88d0 \
    --hash=sha256:da1a74b90e7483d6ce5244053399a614b1d6b7bc30a60d2f570e5071f8959d3e \
    --hash=sha256:dca2d0fc80b3893ae72197b39f69d55a3cd8b17ea1b50aa4c62de82419936150 \
    --hash=sha256:ddc7c39727ba62b80dfdbedf400d1c10ddfa8eefbd7ec8dcb118be8b56d31029 \
    --hash=sha256:e1ec5615b05369925bd1125f27df33f3b6c8bc10d788d5999ecd8769a1fa04db \
    --hash=sha256:e6687dc183aa55dae4a705b35f9c0f8cb178bcaa2f029b241ac5356221d5c021 \
    --hash=sha256:e7e946c7170858a0295f79a60214424caac2ffdb0063d4d79cb681f9aa0aa569 \
    --hash=sha256:eb63d443d7b4ffd1e873f8155260d7f58e7e4b095961b01c91062935c2491e57 \
    --hash=sha256:ec9d249840f6a565f58d8f913bccac2444235025bbb13e9a4681783572ee3caa \
    --hash=sha256:ed635ff692483b8e3f0fcaa8e7eb8a75ee71aa6d975388224f70821421800cea \
    --hash=sha256:eda59e44957d272846bb407aad19f89dc6f58fecf3504bd144f4c5cf81a7eacc \
    --hash=sha256:f0dadeb302887f07431910f67a14d57209ed91130be0adea2f9793f1a4f817cf \
    --hash=sha256:f0ddb4b96a87b6728df9362135e764eac3cfa674499943ebc44ce96c478ab125 \
    --hash=sha256:f5415fb78995644253370985342cd03572ef8620b934da27d77377a2285955bf
    # via torchvision
nvidia-cublas-cu12==12.1.3.1 ; platform_machine == 'x86_64' and sys_platform == 'linux' \
    --hash=sha256:2b964d60e8cf11b5e1073d179d85fa340c120e99b3067558f3cf98dd69d02906 \
    --hash=sha256:ee53ccca76a6fc08fb9701aa95b6ceb242cdaab118c3bb152af4e579af792728
    # via
    #   nvidia-cudnn-cu12
    #   nvidia-cusolver-cu12
    #   torch
nvidia-cuda-cupti-cu12==12.1.105 ; platform_machine == 'x86_64' and sys_platform == 'linux' \
    --hash=sha256:bea8236d13a0ac7190bd2919c3e8e6ce1e402104276e6f9694479e48bb0eb2a4 \
    --hash=sha256:e54fde3983165c624cb79254ae9818a456eb6e87a7fd4d56a2352c24ee542d7e
    # via torch
nvidia-cuda-nvrtc-cu12==12.1.105 ; platform_machine == 'x86_64' and sys_platform == 'linux' \
    --hash=sha256:0a98a522d9ff138b96c010a65e145dc1b4850e9ecb75a0172371793752fd46ed \
    --hash=sha256:339b385f50c309763ca65456ec75e17bbefcbbf2893f462cb8b90584cd27a1c2
    # via torch
nvidia-cuda-runtime-cu12==12.1.105 ; platform_machine == 'x86_64' and sys_platform == 'linux' \
    --hash=sha256:6e258468ddf5796e25f1dc591a31029fa317d97a0a94ed93468fc86301d61e40 \
    --hash=sha256:dfb46ef84d73fababab44cf03e3b83f80700d27ca300e537f85f636fac474344
    # via torch
nvidia-cudnn-cu12==8.9.2.26 ; platform_machine == 'x86_64' and sys_platform == 'linux' \
    --hash=sha256:5ccb288774fdfb07a7e7025ffec286971c06d8d7b4fb162525334616d7629ff9
    # via torch
nvidia-cufft-cu12==11.0.2.54 ; platform_machine == 'x86_64' and sys_platform == 'linux' \
    --hash=sha256:794e3948a1aa71fd817c3775866943936774d1c14e7628c74f6f7417224cdf56 \
    --hash=sha256:d9ac353f78ff89951da4af698f80870b1534ed69993f10a4cf1d96f21357e253
    # via torch
nvidia-curand-cu12==10.3.2.106 ; platform_machine == 'x86_64' and sys_platform == 'linux' \
    --hash=sha256:75b6b0c574c0037839121317e17fd01f8a69fd2ef8e25853d826fec30bdba74a \
    --hash=sha256:9d264c5036dde4e64f1de8c50ae753237c12e0b1348738169cd0f8a536c0e1e0
    # via torch
nvidia-cusolver-cu12==11.4.5.107 ; platform_machine == 'x86_64' and sys_platform == 'linux' \
    --hash=sha256:74e0c3a24c78612192a74fcd90dd117f1cf21dea4822e66d89e8ea80e3cd2da5 \
    --hash=sha256:8a7ec542f0412294b15072fa7dab71d31334014a69f953004ea7a118206fe0dd
    # via torch
nvidia-cusparse-cu12==12.1.0.106 ; platform_machine == 'x86_64' and sys_platform == 'linux' \
    --hash=sha256:b798237e81b9719373e8fae8d4f091b70a0cf09d9d85c95a557e11df2d8e9a5a \
    --hash=sha256:f3b50f42cf363f86ab21f720998517a659a48131e8d538dc02f8768237bd884c
    # via
    #   nvidia-cusolver-cu12
    #   torch
nvidia-nccl-cu12==2.20.5 ; platform_machine == 'x86_64' and sys_platform == 'linux' \
    --hash=sha256:057f6bf9685f75215d0c53bf3ac4a10b3e6578351de307abad9e18a99182af56 \
    --hash=sha256:1fc150d5c3250b170b29410ba682384b14581db722b2531b0d8d33c595f33d01
    # via torch
nvidia-nvjitlink-cu12==12.9.86 ; platform_machine == 'x86_64' and sys_platform == 'linux' \
    --hash=sha256:994a05ef08ef4b0b299829cde613a424382aff7efb08a7172c1fa616cc3af2ca \
    --hash=sha256:cc6fcec260ca843c10e34c936921a1c426b351753587fdd638e8cff7b16bb9db \
    --hash=sha256:e3f1171dbdc83c5932a45f0f4c99180a70de9bd2718c1ab77d14104f6d7147f9
    # via
    #   nvidia-cusolver-cu12
    #   nvidia-cusparse-cu12
nvidia-nvtx-cu12==12.1.105 ; platform_machine == 'x86_64' and sys_platform == 'linux' \
    --hash=sha256:65f4d98982b31b60026e0e6de73fbdfc09d08a96f4656dd3665ca616a11e1e82 \
    --hash=sha256:dc21cf308ca5691e7c04d962e213f8a4aa9bbfa23d95412f452254c2caeb09e5
    # via torch
pillow==11.3.0 \
    --hash=sha256:023f6d2d11784a465f09fd09a34b150ea4672e85fb3d05931d89f373ab14abb2 \
    --hash=sha256:02a723e6bf909e7cea0dac1b0e0310be9d7650cd66222a5f1c571455c0a45214 \
    --hash=sha256:040a5b691b0713e1f6cbe222e0f4f74cd233421e105850ae3b3c0ceda520f42e \
    --hash=sha256:05f6ecbeff5005399bb48d198f098a9b4b6bdf27b8487c7f38ca16eeb070cd59 \
    --hash=sha256:068d9c39a2d1b358eb9f245ce7ab1b5c3246c7c8c7d9ba58cfa5b43146c06e50 \
    --hash=sha256:0743841cabd3dba6a83f38a92672cccbd69af56e3e91777b0ee7f4dba4385632 \
    --hash=sha256:092c80c76635f5ecb10f3f83d76716165c96f5229addbd1ec2bdbbda7d496e06 \
    --hash=sha256:0b275ff9b04df7b640c59ec5a3cb113eefd3795a8df80bac69646ef699c6981a \
    --hash=sha256:0bce5c4fd0921f99d2e858dc4d4d64193407e1b99478bc5cacecba2311abde51 \
    --hash=sha256:1019b04af07fc0163e2810167918cb5add8d74674b6267616021ab558dc98ced \
    --hash=sha256:106064daa23a745510dabce1d84f29137a37224831d88eb4ce94bb187b1d7e5f \
    --hash=sha256:118ca10c0d60b06d006be10a501fd6bbdfef559251ed31b794668ed569c87e12 \
    --hash=sha256:13f87d581e71d9189ab21fe0efb5a23e9f28552d5be6979e84001d3b8505abe8 \
    --hash=sha256:155658efb5e044669c08896c0c44231c5e9abcaadbc5cd3648df2f7c0b96b9a6 \
    --hash=sha256:1904e1264881f682f02b7f8167935cce37bc97db457f8e7849dc3a6a52b99580 \
    --hash=sha256:19d2ff547c75b8e3ff46f4d9ef969a06c30ab2d4263a9e287733aa8b2429ce8f \
    --hash=sha256:1a992e86b0dd7aeb1f053cd506508c0999d710a8f07b4c791c63843fc6a807ac \
    --hash=sha256:1b9c17fd4ace828b3003dfd1e30bff24863e0eb59b535e8f80194d9cc7ecf860 \
    --hash=sha256:1c627742b539bba4309df89171356fcb3cc5a9178355b2727d1b74a6cf155fbd \
    --hash=sha256:1cd110edf822773368b396281a2293aeb91c90a2db00d78ea43e7e861631b722 \
    --hash=sha256:1f85acb69adf2aaee8b7da124efebbdb959a104db34d3a2cb0f3793dbae422a8 \
    --hash=sha256:23cff760a9049c502721bdb743a7cb3e03365fafcdfc2ef9784610714166e5a4 \
    --hash=sha256:2465a69cf967b8b49ee1b96d76718cd98c4e925414ead59fdf75cf0fd07df673 \
    --hash=sha256:2a3117c06b8fb646639dce83694f2f9eac405472713fcb1ae887469c0d4f6788 \
    --hash=sha256:2aceea54f957dd4448264f9bf40875da0415c83eb85f55069d89c0ed436e3542 \
    --hash=sha256:2d6fcc902a24ac74495df63faad1884282239265c6839a0a6416d33faedfae7e \
    --hash=sha256:30807c931ff7c095620fe04448e2c2fc673fcbb1ffe2a7da3fb39613489b1ddd \
    --hash=sha256:30b7c02f3899d10f13d7a48163c8969e4e653f8b43416d23d13d1bbfdc93b9f8 \
    --hash=sha256:3828ee7586cd0b2091b6209e5ad53e20d0649bbe87164a459d0676e035e8f523 \
    --hash=sha256:3cee80663f29e3843b68199b9d6f4f54bd1d4a6b59bdd91bceefc51238bcb967 \
    --hash=sha256:3e184b2f26ff146363dd07bde8b711833d7b0202e27d13540bfe2e35a323a809 \
    --hash=sha256:41342b64afeba938edb034d122b2dda5db2139b9a4af999729ba8818e0056477 \
    --hash=sha256:41742638139424703b4d01665b807c6468e23e699e8e90cffefe291c5832b027 \
    --hash=sha256:4445fa62e15936a028672fd48c4c11a66d641d2c05726c7ec1f8ba6a572036ae \
    --hash=sha256:45dfc51ac5975b938e9809451c51734124e73b04d0f0ac621649821a63852e7b \
    --hash=sha256:465b9e8844e3c3519a983d58b80be3f668e2a7a5db97f2784e7079fbc9f9822c \
    --hash=sha256:48d254f8a4c776de343051023eb61ffe818299eeac478da55227d96e241de53f \
    --hash=sha256:4c834a3921375c48ee6b9624061076bc0a32a60b5532b322cc0ea64e639dd50e \
    --hash=sha256:4c96f993ab8c98460cd0c001447bff6194403e8b1d7e149ade5f00594918128b \
    --hash=sha256:504b6f59505f08ae014f724b6207ff6222662aab5cc9542577fb084ed0676ac7 \
    --hash=sha256:527b37216b6ac3a12d7838dc3bd75208ec57c1c6d11ef01902266a5a0c14fc27 \
    --hash=sha256:5418b53c0d59b3824d05e029669efa023bbef0f3e92e75ec8428f3799487f361 \
    --hash=sha256:59a03cdf019efbfeeed910bf79c7c93255c3d54bc45898ac2a4140071b02b4ae \
    --hash=sha256:5e05688ccef30ea69b9317a9ead994b93975104a677a36a8ed8106be9260aa6d \
    --hash=sha256:6359a3bc43f57d5b375d1ad54a0074318a0844d11b76abccf478c37c986d3cfc \
    --hash=sha256:643f189248837533073c405ec2f0bb250ba54598cf80e8c1e043381a60632f58 \
    --hash=sha256:65dc69160114cdd0ca0f35cb434633c75e8e7fad4cf855177a05bf38678f73ad \
    --hash=sha256:67172f2944ebba3d4a7b54f2e95c786a3a50c21b88456329314caaa28cda70f6 \
    --hash=sha256:676b2815362456b5b3216b4fd5bd89d362100dc6f4945154ff172e206a22c024 \
    --hash=sha256:6a418691000f2a418c9135a7cf0d797c1bb7d9a485e61fe8e7722845b95ef978 \
    --hash=sha256:6abdbfd3aea42be05702a8dd98832329c167ee84400a1d1f61ab11437f1717eb \
    --hash=sha256:6be31e3fc9a621e071bc17bb7de63b85cbe0bfae91bb0363c893cbe67247780d \
    --hash=sha256:7107195ddc914f656c7fc8e4a5e1c25f32e9236ea3ea860f257b0436011fddd0 \
    --hash=sha256:71f511f6b3b91dd543282477be45a033e4845a40278fa8dcdbfdb07109bf18f9 \
    --hash=sha256:7859a4cc7c9295f5838015d8cc0a9c215b77e43d07a25e460f35cf516df8626f \
    --hash=sha256:7966e38dcd0fa11ca390aed7c6f20454443581d758242023cf36fcb319b1a874 \
    --hash=sha256:79ea0d14d3ebad43ec77ad5272e6ff9bba5b679ef73375ea760261207fa8e0aa \
    --hash=sha256:7aee118e30a4cf54fdd873bd3a29de51e29105ab11f9aad8c32123f58c8f8081 \
    --hash=sha256:7b161756381f0918e05e7cb8a371fff367e807770f8fe92ecb20d905d0e1c149 \
    --hash=sha256:7c8ec7a017ad1bd562f93dbd8505763e688d388cde6e4a010ae1486916e713e6 \
    --hash=sha256:7d1aa4de119a0ecac0a34a9c8bde33f34022e2e8f99104e47a3ca392fd60e37d \
    --hash=sha256:7db51d222548ccfd274e4572fdbf3e810a5e66b00608862f947b163e613b67dd \
    --hash=sha256:819931d25e57b513242859ce1876c58c59dc31587847bf74cfe06b2e0cb22d2f \
    --hash=sha256:83e1b0161c9d148125083a35c1c5a89db5b7054834fd4387499e06552035236c \
    --hash=sha256:857844335c95bea93fb39e0fa2726b4d9d758850b34075a7e3ff4f4fa3aa3b31 \
    --hash=sha256:8797edc41f3e8536ae4b10897ee2f637235c94f27404cac7297f7b607dd0716e \
    --hash=sha256:8924748b688aa210d79883357d102cd64690e56b923a186f35a82cbc10f997db \
    --hash=sha256:89bd777bc6624fe4115e9fac3352c79ed60f3bb18651420635f26e643e3dd1f6 \
    --hash=sha256:8dc70ca24c110503e16918a658b869019126ecfe03109b754c402daff12b3d9f \
    --hash=sha256:91da1d88226663594e3f6b4b8c3c8d85bd504117d043740a8e0ec449087cc494 \
    --hash=sha256:921bd305b10e82b4d1f5e802b6850677f965d8394203d182f078873851dada69 \
    --hash=sha256:932c754c2d51ad2b2271fd01c3d121daaa35e27efae2a616f77bf164bc0b3e94 \
    --hash=sha256:93efb0b4de7e340d99057415c749175e24c8864302369e05914682ba642e5d77 \
    --hash=sha256:97afb3a00b65cc0804d1c7abddbf090a81eaac02768af58cbdcaaa0a931e0b6d \
    --hash=sha256:97f07ed9f56a3b9b5f49d3661dc9607484e85c67e27f3e8be2c7d28ca032fec7 \
    --hash=sha256:98a9afa7b9007c67ed84c57c9e0ad86a6000da96eaa638e4f8abe5b65ff83f0a \
    --hash=sha256:9ab6ae226de48019caa8074894544af5b53a117ccb9d3b3dcb2871464c829438 \
    --hash=sha256:9c412fddd1b77a75aa904615ebaa6001f169b26fd467b4be93aded278266b288 \
    --hash=sha256:a1bc6ba083b145187f648b667e05a2534ecc4b9f2784c2cbe3089e44868f2b9b \
    --hash=sha256:a418486160228f64dd9e9efcd132679b7a02a5f22c982c78b6fc7dab3fefb635 \
    --hash=sha256:a4d336baed65d50d37b88ca5b60c0fa9d81e3a87d4a7930d3880d1624d5b31f3 \
    --hash=sha256:a6444696fce635783440b7f7a9fc24b3ad10a9ea3f0ab66c5905be1c19ccf17d \
    --hash=sha256:a7bc6e6fd0395bc052f16b1a8670859964dbd7003bd0af2ff08342eb6e442cfe \
    --hash=sha256:b4b8f3efc8d530a1544e5962bd6b403d5f7fe8b9e08227c6b255f98ad82b4ba0 \
    --hash=sha256:b5f56c3f344f2ccaf0dd875d3e180f631dc60a51b314295a3e681fe8cf851fbe \
    --hash=sha256:be5463ac478b623b9dd3937afd7fb7ab3d79dd290a28e2b6df292dc75063eb8a \
    --hash=sha256:c37d8ba9411d6003bba9e518db0db0c58a680ab9fe5179f040b0463644bc9805 \
    --hash=sha256:c84d689db21a1c397d001aa08241044aa2069e7587b398c8cc63020390b1c1b8 \
    --hash=sha256:c96d333dcf42d01f47b37e0979b6bd73ec91eae18614864622d9b87bbd5bbf36 \
    --hash=sha256:cadc9e0ea0a2431124cde7e1697106471fc4c1da01530e679b2391c37d3fbb3a \
    --hash=sha256:cc3e831b563b3114baac7ec2ee86819eb03caa1a2cef0b481a5675b59c4fe23b \
    --hash=sha256:cd8ff254faf15591e724dc7c4ddb6bf4793efcbe13802a4ae3e863cd300b493e \
    --hash=sha256:d000f46e2917c705e9fb93a3606ee4a819d1e3aa7a9b442f6444f07e77cf5e25 \
    --hash=sha256:d9da3df5f9ea2a89b81bb6087177fb1f4d1c7146d583a3fe5c672c0d94e55e12 \
    --hash=sha256:e5c5858ad8ec655450a7c7df532e9842cf8df7cc349df7225c60d5d348c8aada \
    --hash=sha256:e67d793d180c9df62f1f40aee3accca4829d3794c95098887edc18af4b8b780c \
    --hash=sha256:ea944117a7974ae78059fcc1800e5d3295172bb97035c0c1d9345fca1419da71 \
    --hash=sha256:eb76541cba2f958032d79d143b98a3a6b3ea87f0959bbe256c0b5e416599fd5d \
    --hash=sha256:ec1ee50470b0d050984394423d96325b744d55c701a439d2bd66089bff963d3c \
    --hash=sha256:ee92f2fd10f4adc4b43d07ec5e779932b4eb3dbfbc34790ada5a6669bc095aa6 \
    --hash=sha256:f0f5d8f4a08090c6d6d578351a2b91acf519a54986c055af27e7a93feae6d3f1 \
    --hash=sha256:f1f182ebd2303acf8c380a54f615ec883322593320a9b00438eb842c1f37ae50 \
    --hash=sha256:f8a5827f84d973d8636e9dc5764af4f0cf2318d26744b3d902931701b0d46653 \
    --hash=sha256:f944255db153ebb2b19c51fe85dd99ef0ce494123f21b9db4877ffdfc5590c7c \
    --hash=sha256:fdae223722da47b024b867c1ea0be64e0df702c5e0a60e27daad39bf960dd1e4 \
    --hash=sha256:fe27fb049cdcca11f11a7bfda64043c37b30e6b91f10cb5bab275806c32f6ab3
    # via torchvision
sympy==1.14.0 \
    --hash=sha256:d3d3fe8df1e5a0b42f0e7bdf50541697dbe7d23746e894990c030e2b05e72517 \
    --hash=sha256:e091cc3e99d2141a0ba2847328f5479b05d94a6635cb96148ccb3f34671bd8f5
    # via torch
torch==2.3.0 \
    --hash=sha256:09c81c5859a5b819956c6925a405ef1cdda393c9d8a01ce3851453f699d3358c \
    --hash=sha256:1bf023aa20902586f614f7682fedfa463e773e26c58820b74158a72470259459 \
    --hash=sha256:20572f426965dd8a04e92a473d7e445fa579e09943cc0354f3e6fef6130ce061 \
    --hash=sha256:493d54ee2f9df100b5ce1d18c96dbb8d14908721f76351e908c9d2622773a788 \
    --hash=sha256:4fb27b35dbb32303c2927da86e27b54a92209ddfb7234afb1949ea2b3effffea \
    --hash=sha256:5515503a193781fd1b3f5c474e89c9dfa2faaa782b2795cc4a7ab7e67de923f6 \
    --hash=sha256:6ae9f64b09516baa4ef890af0672dc981c20b1f0d829ce115d4420a247e88fba \
    --hash=sha256:729804e97b7cf19ae9ab4181f91f5e612af07956f35c8b2c8e9d9f3596a8e877 \
    --hash=sha256:758ef938de87a2653bba74b91f703458c15569f1562bf4b6c63c62d9c5a0c1f5 \
    --hash=sha256:760f8bedff506ce9e6e103498f9b1e9e15809e008368594c3a66bf74a8a51380 \
    --hash=sha256:a306c87a3eead1ed47457822c01dfbd459fe2920f2d38cbdf90de18f23f72542 \
    --hash=sha256:b0de2bdc0486ea7b14fc47ff805172df44e421a7318b7c4d92ef589a75d27410 \
    --hash=sha256:bce43af735c3da16cc14c7de2be7ad038e2fbf75654c2e274e575c6c05772ace \
    --hash=sha256:cd0dc498b961ab19cb3f8dbf0c6c50e244f2f37dbfa05754ab44ea057c944ef9 \
    --hash=sha256:d24e328226d8e2af7cf80fcb1d2f1d108e0de32777fab4aaa2b37b9765d8be73 \
    --hash=sha256:d8ea5a465dbfd8501f33c937d1f693176c9aef9d1c1b0ca1d44ed7b0a18c52ac \
    --hash=sha256:dca986214267b34065a79000cee54232e62b41dff1ec2cab9abc3fc8b3dee0ad \
    --hash=sha256:e05f836559251e4096f3786ee99f4a8cbe67bc7fbedba8ad5e799681e47c5e80 \
    --hash=sha256:e65ba85ae292909cde0dde6369826d51165a3fc8823dc1854cd9432d7f79b932 \
    --hash=sha256:f9b98bf1a3c8af2d4c41f0bf1433920900896c446d1ddc128290ff146d1eb4bd
    # via
    #   -r bazel-ray/doc/source/train/examples/pytorch/distributing-pytorch/requirements.in
    #   torchvision
torchvision==0.18.0 \
    --hash=sha256:2115a1906c015f5da9ceedc40a983313b0fd6e2c8a17108a92991706f51f6987 \
    --hash=sha256:36efd87001c6bee2383e043e46a025affb03179747c8f4777b9918527ffce756 \
    --hash=sha256:3d7955398d4ceaad77c487c2c44f6f7813112402c9bab8cd906d346005891048 \
    --hash=sha256:493c45f9937dad37aa1b64b14da17c7a589c72b91adc4837d431009cfe29bd53 \
    --hash=sha256:4c334b3e719ba0a9ba6e15d4aff1178f5e6d029174f346163fed525f0ccfffd3 \
    --hash=sha256:5337f6acfa1fe959d5cb340d01a00614d6b31ce7a4824ccb95435a85c5273b95 \
    --hash=sha256:6323f7e5423ff2594d5891863b919deb9d0de95f01c36bf26fbd879036b6ed08 \
    --hash=sha256:6896a52168befe1105fb3c9335287390ed227e71d1e4ec4d68b62e8a3099fc09 \
    --hash=sha256:6ad70ddfa879bda5ed886b2518fe562640e0059787cbd65cb2bffa7674541410 \
    --hash=sha256:75e22ecf44a13b8f95b8ad421c0261282d859c61816badaca1959e073ccdd691 \
    --hash=sha256:7c770f0f748e0b17f57c0297508d7254f686cdf03fc2e2949f422b20574f4c0f \
    --hash=sha256:925d0a82cccf6f986c18b29b4392a942db65cbdb73c13a129c8493822eb9e36f \
    --hash=sha256:95b42d0dc599b47a01530c7439a5751e67e45b85e3a67113989cf7c7c70f2039 \
    --hash=sha256:a964afbc7ddf50a46b941477f6c35729b416deedd139756befd488245e2e226d \
    --hash=sha256:b657d052d146f24cb3b2a78219bfc82ae70a9706671c50f632528907d10cccec \
    --hash=sha256:bd8e6f3b5beb49965f15c461302488edfa3d8c2d01d3bb79b150d6fb62711e3a \
    --hash=sha256:ccc292e093771d5baacf5535ac4416306b6b5f15676341cd4d010d8542eace25 \
    --hash=sha256:dd61628a3d189c6852a12dc5ed4cd2eece66d2d67f35a866cb16f1dcb06c8c62 \
    --hash=sha256:e5a24d620cea14a4bb89f24aa2b506230c0a16a3ada57fc53ad80cfd256a2128 \
    --hash=sha256:eb9d83c0e1dbb54ecb0fb04c87f786333e3a6fb8b9c400aca7c31081f9aa5707
    # via -r bazel-ray/doc/source/train/examples/pytorch/distributing-pytorch/requirements.in
triton==2.3.0 ; python_full_version < '3.12' and platform_machine == 'x86_64' and sys_platform == 'linux' \
    --hash=sha256:038e06a09c06a164fef9c48de3af1e13a63dc1ba3c792871e61a8e79720ea440 \
    --hash=sha256:218d742e67480d9581bafb73ed598416cc8a56f6316152e5562ee65e33de01c0 \
    --hash=sha256:381ec6b3dac06922d3e4099cfc943ef032893b25415de295e82b1a82b0359d2c \
    --hash=sha256:3c3d9607f85103afdb279938fc1dd2a66e4f5999a58eb48a346bd42738f986dd \
    --hash=sha256:5ce4b8ff70c48e47274c66f269cce8861cf1dc347ceeb7a67414ca151b1822d8 \
    --hash=sha256:6d8f636e0341ac348899a47a057c3daea99ea7db31528a225a3ba4ded28ccc65
    # via torch
typing-extensions==4.15.0 \
    --hash=sha256:0cea48d173cc12fa28ecabc3b837ea3cf6f38c6d1136f85cbaaf598984861466 \
    --hash=sha256:f0fa19c6845758ab08074a0cfa8b7aecb71c999ca73d62883bc25cc018c4e548
    # via torch
